
Microsoft Visual Studio Solution File, Format Version 12.00
# Visual Studio 15
VisualStudioVersion = 15.0.28307.271
MinimumVisualStudioVersion = 10.0.40219.1
Project("{FAE04EC0-301F-11D3-BF4B-00C04F79EFBC}") = "Geta.ConsoleApplication", "Geta.ConsoleApplication\Geta.ConsoleApplication.csproj", "{06EA279A-FF8F-47DE-A57D-CF49B1B14261}"
EndProject
Project("{FAE04EC0-301F-11D3-BF4B-00C04F79EFBC}") = "Geta.Plugins.DisclaimerHandler", "Geta.Plugins.DisclaimerHandler\Geta.Plugins.DisclaimerHandler.csproj", "{0B8B0A99-CD43-46CD-BF2C-A317441E1F24}"
EndProject
Project("{FAE04EC0-301F-11D3-BF4B-00C04F79EFBC}") = "Geta.Plugins.ExecutableHandler", "Geta.Plugins.ExecutableHandler\Geta.Plugins.ExecutableHandler.csproj", "{3395CD93-59E3-453A-8806-49F4DEF9E3B8}"
EndProject
Project("{FAE04EC0-301F-11D3-BF4B-00C04F79EFBC}") = "Geta.Plugins.ExtractAttachmentHandler", "Geta.Plugins.ExtractAttachmentHandler\Geta.Plugins.ExtractAttachmentHandler.csproj", "{085E66F6-6806-456E-A33C-5ED32D636EE6}"
EndProject
Project("{FAE04EC0-301F-11D3-BF4B-00C04F79EFBC}") = "Geta.Plugins.NoopHandler", "Geta.Plugins.NoopHandler\Geta.Plugins.NoopHandler.csproj", "{96949535-995A-4536-ADBA-F2D60D54B8D6}"
EndProject
Project("{FAE04EC0-301F-11D3-BF4B-00C04F79EFBC}") = "Geta.Tests", "Geta.Tests\Geta.Tests.csproj", "{F1AE7C7A-3DC7-4DFE-8E92-57D30C001098}"
EndProject
Project("{FAE04EC0-301F-11D3-BF4B-00C04F79EFBC}") = "Geta", "Geta\Geta.csproj", "{0B1622B1-0301-45BB-A2F4-21359DE6B66A}"
EndProject
Project("{FAE04EC0-301F-11D3-BF4B-00C04F79EFBC}") = "Geta.GuiApplication", "Geta.GuiApplication\Geta.GuiApplication.csproj", "{5A17E259-3DB1-4176-B15F-69E4B77E90D7}"
EndProject
Project("{FAE04EC0-301F-11D3-BF4B-00C04F79EFBC}") = "Geta.Plugins.DkimSigningHandler", "Geta.Plugins.DkimSigningHandler\Geta.Plugins.DkimSigningHandler.csproj", "{3EFCF61F-A6BB-4EB3-B73B-A72B0CF044F2}"
EndProject
Project("{FAE04EC0-301F-11D3-BF4B-00C04F79EFBC}") = "Geta.Plugins.TwitterNotificationHandler", "Geta.Plugins.TwitterNotificationHandler\Geta.Plugins.TwitterNotificationHandler.csproj", "{A5486C2F-19D1-4C91-B0AD-7E3BFAE2D259}"
EndProject
Project("{FAE04EC0-301F-11D3-BF4B-00C04F79EFBC}") = "Geta.Plugins.Mail2NewsHandler", "Geta.Plugins.Mail2NewsHandler\Geta.Plugins.Mail2NewsHandler.csproj", "{3EC2FC1A-D509-41D8-9949-B7F511C4E46C}"
EndProject
Project("{FAE04EC0-301F-11D3-BF4B-00C04F79EFBC}") = "Geta.Plugins.MailEndpointHandler", "Geta.Plugins.MailEndpointHandler\Geta.Plugins.MailEndpointHandler.csproj", "{3985924B-6C1D-4C9E-99FE-3835F53CA6E7}"
EndProject
Project("{FAE04EC0-301F-11D3-BF4B-00C04F79EFBC}") = "Geta.Setup", "Geta.Setup\Geta.Setup.csproj", "{8B4ACE24-D2F2-4DF8-BE01-28AF9A714910}"
EndProject
Global
	GlobalSection(SolutionConfigurationPlatforms) = preSolution
		2010|Any CPU = 2010|Any CPU
		2013|Any CPU = 2013|Any CPU
		2016 CU1|Any CPU = 2016 CU1|Any CPU
		2010 SP1|Any CPU = 2010 SP1|Any CPU
		2010 SP2|Any CPU = 2010 SP2|Any CPU
		2010 SP3|Any CPU = 2010 SP3|Any CPU
		2013 CU1|Any CPU = 2013 CU1|Any CPU
		2013 CU2|Any CPU = 2013 CU2|Any CPU
		2013 CU3|Any CPU = 2013 CU3|Any CPU
		2013 SP1 CU4|Any CPU = 2013 SP1 CU4|Any CPU
		2013 SP1 CU5|Any CPU = 2013 SP1 CU5|Any CPU
		2013 SP1 CU6|Any CPU = 2013 SP1 CU6|Any CPU
		2013 SP1 CU7|Any CPU = 2013 SP1 CU7|Any CPU
		2013 SP1 CU8|Any CPU = 2013 SP1 CU8|Any CPU
		2013 SP1 CU9|Any CPU = 2013 SP1 CU9|Any CPU
		2013 SP1 CU10|Any CPU = 2013 SP1 CU10|Any CPU
		2013 SP1 CU11|Any CPU = 2013 SP1 CU11|Any CPU
		2013 SP1 CU12|Any CPU = 2013 SP1 CU12|Any CPU
		2013 SP1 CU13|Any CPU = 2013 SP1 CU13|Any CPU
		2013 SP1 CU14|Any CPU = 2013 SP1 CU14|Any CPU
		2013 SP1 CU15|Any CPU = 2013 SP1 CU15|Any CPU
		2016 CU2|Any CPU = 2016 CU2|Any CPU
		2016 CU3|Any CPU = 2016 CU3|Any CPU
		2016 Preview|Any CPU = 2016 Preview|Any CPU
	EndGlobalSection
	GlobalSection(ProjectConfigurationPlatforms) = postSolution
		{0B1622B1-0301-45BB-A2F4-21359DE6B66A}.2010|Any CPU.ActiveCfg = 2010|Any CPU
		{0B1622B1-0301-45BB-A2F4-21359DE6B66A}.2010|Any CPU.Build.0 = 2010|Any CPU
		{0B1622B1-0301-45BB-A2F4-21359DE6B66A}.2013|Any CPU.ActiveCfg = 2013|Any CPU
		{0B1622B1-0301-45BB-A2F4-21359DE6B66A}.2013|Any CPU.Build.0 = 2013|Any CPU
		{0B1622B1-0301-45BB-A2F4-21359DE6B66A}.2016 CU1|Any CPU.ActiveCfg = 2016 CU1|Any CPU
		{0B1622B1-0301-45BB-A2F4-21359DE6B66A}.2016 CU1|Any CPU.Build.0 = 2016 CU1|Any CPU
		{0B1622B1-0301-45BB-A2F4-21359DE6B66A}.2010 SP1|Any CPU.ActiveCfg = 2010 SP1|Any CPU
		{0B1622B1-0301-45BB-A2F4-21359DE6B66A}.2010 SP1|Any CPU.Build.0 = 2010 SP1|Any CPU
		{0B1622B1-0301-45BB-A2F4-21359DE6B66A}.2010 SP2|Any CPU.ActiveCfg = 2010 SP2|Any CPU
		{0B1622B1-0301-45BB-A2F4-21359DE6B66A}.2010 SP2|Any CPU.Build.0 = 2010 SP2|Any CPU
		{0B1622B1-0301-45BB-A2F4-21359DE6B66A}.2010 SP3|Any CPU.ActiveCfg = 2010 SP3|Any CPU
		{0B1622B1-0301-45BB-A2F4-21359DE6B66A}.2010 SP3|Any CPU.Build.0 = 2010 SP3|Any CPU
		{0B1622B1-0301-45BB-A2F4-21359DE6B66A}.2013 CU1|Any CPU.ActiveCfg = 2013 CU1|Any CPU
		{0B1622B1-0301-45BB-A2F4-21359DE6B66A}.2013 CU1|Any CPU.Build.0 = 2013 CU1|Any CPU
		{0B1622B1-0301-45BB-A2F4-21359DE6B66A}.2013 CU2|Any CPU.ActiveCfg = 2013 CU2|Any CPU
		{0B1622B1-0301-45BB-A2F4-21359DE6B66A}.2013 CU2|Any CPU.Build.0 = 2013 CU2|Any CPU
		{0B1622B1-0301-45BB-A2F4-21359DE6B66A}.2013 CU3|Any CPU.ActiveCfg = 2013 CU3|Any CPU
		{0B1622B1-0301-45BB-A2F4-21359DE6B66A}.2013 CU3|Any CPU.Build.0 = 2013 CU3|Any CPU
		{0B1622B1-0301-45BB-A2F4-21359DE6B66A}.2013 SP1 CU4|Any CPU.ActiveCfg = 2013 SP1 CU4|Any CPU
		{0B1622B1-0301-45BB-A2F4-21359DE6B66A}.2013 SP1 CU4|Any CPU.Build.0 = 2013 SP1 CU4|Any CPU
		{0B1622B1-0301-45BB-A2F4-21359DE6B66A}.2013 SP1 CU5|Any CPU.ActiveCfg = 2013 SP1 CU5|Any CPU
		{0B1622B1-0301-45BB-A2F4-21359DE6B66A}.2013 SP1 CU5|Any CPU.Build.0 = 2013 SP1 CU5|Any CPU
		{0B1622B1-0301-45BB-A2F4-21359DE6B66A}.2013 SP1 CU6|Any CPU.ActiveCfg = 2013 SP1 CU6|Any CPU
		{0B1622B1-0301-45BB-A2F4-21359DE6B66A}.2013 SP1 CU6|Any CPU.Build.0 = 2013 SP1 CU6|Any CPU
		{0B1622B1-0301-45BB-A2F4-21359DE6B66A}.2013 SP1 CU7|Any CPU.ActiveCfg = 2013 SP1 CU7|Any CPU
		{0B1622B1-0301-45BB-A2F4-21359DE6B66A}.2013 SP1 CU7|Any CPU.Build.0 = 2013 SP1 CU7|Any CPU
		{0B1622B1-0301-45BB-A2F4-21359DE6B66A}.2013 SP1 CU8|Any CPU.ActiveCfg = 2013 SP1 CU8|Any CPU
		{0B1622B1-0301-45BB-A2F4-21359DE6B66A}.2013 SP1 CU8|Any CPU.Build.0 = 2013 SP1 CU8|Any CPU
		{0B1622B1-0301-45BB-A2F4-21359DE6B66A}.2013 SP1 CU9|Any CPU.ActiveCfg = 2013 SP1 CU9|Any CPU
		{0B1622B1-0301-45BB-A2F4-21359DE6B66A}.2013 SP1 CU9|Any CPU.Build.0 = 2013 SP1 CU9|Any CPU
		{0B1622B1-0301-45BB-A2F4-21359DE6B66A}.2013 SP1 CU10|Any CPU.ActiveCfg = 2013 SP1 CU10|Any CPU
		{0B1622B1-0301-45BB-A2F4-21359DE6B66A}.2013 SP1 CU10|Any CPU.Build.0 = 2013 SP1 CU10|Any CPU
		{0B1622B1-0301-45BB-A2F4-21359DE6B66A}.2013 SP1 CU11|Any CPU.ActiveCfg = 2013 SP1 CU11|Any CPU
		{0B1622B1-0301-45BB-A2F4-21359DE6B66A}.2013 SP1 CU11|Any CPU.Build.0 = 2013 SP1 CU11|Any CPU
		{0B1622B1-0301-45BB-A2F4-21359DE6B66A}.2013 SP1 CU12|Any CPU.ActiveCfg = 2013 SP1 CU12|Any CPU
		{0B1622B1-0301-45BB-A2F4-21359DE6B66A}.2013 SP1 CU12|Any CPU.Build.0 = 2013 SP1 CU12|Any CPU
		{0B1622B1-0301-45BB-A2F4-21359DE6B66A}.2013 SP1 CU13|Any CPU.ActiveCfg = 2013 SP1 CU13|Any CPU
		{0B1622B1-0301-45BB-A2F4-21359DE6B66A}.2013 SP1 CU13|Any CPU.Build.0 = 2013 SP1 CU13|Any CPU
		{0B1622B1-0301-45BB-A2F4-21359DE6B66A}.2013 SP1 CU14|Any CPU.ActiveCfg = 2013 SP1 CU14|Any CPU
		{0B1622B1-0301-45BB-A2F4-21359DE6B66A}.2013 SP1 CU14|Any CPU.Build.0 = 2013 SP1 CU14|Any CPU
		{0B1622B1-0301-45BB-A2F4-21359DE6B66A}.2013 SP1 CU15|Any CPU.ActiveCfg = 2013 SP1 CU15|Any CPU
		{0B1622B1-0301-45BB-A2F4-21359DE6B66A}.2013 SP1 CU15|Any CPU.Build.0 = 2013 SP1 CU15|Any CPU
		{0B1622B1-0301-45BB-A2F4-21359DE6B66A}.2016 CU2|Any CPU.ActiveCfg = 2016 CU2|Any CPU
		{0B1622B1-0301-45BB-A2F4-21359DE6B66A}.2016 CU2|Any CPU.Build.0 = 2016 CU2|Any CPU
		{0B1622B1-0301-45BB-A2F4-21359DE6B66A}.2016 CU3|Any CPU.ActiveCfg = 2016 CU3|Any CPU
		{0B1622B1-0301-45BB-A2F4-21359DE6B66A}.2016 CU3|Any CPU.Build.0 = 2016 CU3|Any CPU
		{0B1622B1-0301-45BB-A2F4-21359DE6B66A}.2016 Preview|Any CPU.ActiveCfg = 2016 Preview|Any CPU
		{0B1622B1-0301-45BB-A2F4-21359DE6B66A}.2016 Preview|Any CPU.Build.0 = 2016 Preview|Any CPU
		{06EA279A-FF8F-47DE-A57D-CF49B1B14261}.2010|Any CPU.ActiveCfg = 2010|Any CPU
		{06EA279A-FF8F-47DE-A57D-CF49B1B14261}.2010|Any CPU.Build.0 = 2010|Any CPU
		{06EA279A-FF8F-47DE-A57D-CF49B1B14261}.2013|Any CPU.ActiveCfg = 2013|Any CPU
		{06EA279A-FF8F-47DE-A57D-CF49B1B14261}.2013|Any CPU.Build.0 = 2013|Any CPU
		{06EA279A-FF8F-47DE-A57D-CF49B1B14261}.2016 CU1|Any CPU.ActiveCfg = 2016 CU1|Any CPU
		{06EA279A-FF8F-47DE-A57D-CF49B1B14261}.2016 CU1|Any CPU.Build.0 = 2016 CU1|Any CPU
		{06EA279A-FF8F-47DE-A57D-CF49B1B14261}.2010 SP1|Any CPU.ActiveCfg = 2010 SP1|Any CPU
		{06EA279A-FF8F-47DE-A57D-CF49B1B14261}.2010 SP1|Any CPU.Build.0 = 2010 SP1|Any CPU
		{06EA279A-FF8F-47DE-A57D-CF49B1B14261}.2010 SP2|Any CPU.ActiveCfg = 2010 SP2|Any CPU
		{06EA279A-FF8F-47DE-A57D-CF49B1B14261}.2010 SP2|Any CPU.Build.0 = 2010 SP2|Any CPU
		{06EA279A-FF8F-47DE-A57D-CF49B1B14261}.2010 SP3|Any CPU.ActiveCfg = 2010 SP3|Any CPU
		{06EA279A-FF8F-47DE-A57D-CF49B1B14261}.2010 SP3|Any CPU.Build.0 = 2010 SP3|Any CPU
		{06EA279A-FF8F-47DE-A57D-CF49B1B14261}.2013 CU1|Any CPU.ActiveCfg = 2013 CU1|Any CPU
		{06EA279A-FF8F-47DE-A57D-CF49B1B14261}.2013 CU1|Any CPU.Build.0 = 2013 CU1|Any CPU
		{06EA279A-FF8F-47DE-A57D-CF49B1B14261}.2013 CU2|Any CPU.ActiveCfg = 2013 CU2|Any CPU
		{06EA279A-FF8F-47DE-A57D-CF49B1B14261}.2013 CU2|Any CPU.Build.0 = 2013 CU2|Any CPU
		{06EA279A-FF8F-47DE-A57D-CF49B1B14261}.2013 CU3|Any CPU.ActiveCfg = 2013 CU3|Any CPU
		{06EA279A-FF8F-47DE-A57D-CF49B1B14261}.2013 CU3|Any CPU.Build.0 = 2013 CU3|Any CPU
		{06EA279A-FF8F-47DE-A57D-CF49B1B14261}.2013 SP1 CU4|Any CPU.ActiveCfg = 2013 SP1 CU4|Any CPU
		{06EA279A-FF8F-47DE-A57D-CF49B1B14261}.2013 SP1 CU4|Any CPU.Build.0 = 2013 SP1 CU4|Any CPU
		{06EA279A-FF8F-47DE-A57D-CF49B1B14261}.2013 SP1 CU5|Any CPU.ActiveCfg = 2013 SP1 CU5|Any CPU
		{06EA279A-FF8F-47DE-A57D-CF49B1B14261}.2013 SP1 CU5|Any CPU.Build.0 = 2013 SP1 CU5|Any CPU
		{06EA279A-FF8F-47DE-A57D-CF49B1B14261}.2013 SP1 CU6|Any CPU.ActiveCfg = 2013 SP1 CU6|Any CPU
		{06EA279A-FF8F-47DE-A57D-CF49B1B14261}.2013 SP1 CU6|Any CPU.Build.0 = 2013 SP1 CU6|Any CPU
		{06EA279A-FF8F-47DE-A57D-CF49B1B14261}.2013 SP1 CU7|Any CPU.ActiveCfg = 2013 SP1 CU7|Any CPU
		{06EA279A-FF8F-47DE-A57D-CF49B1B14261}.2013 SP1 CU7|Any CPU.Build.0 = 2013 SP1 CU7|Any CPU
		{06EA279A-FF8F-47DE-A57D-CF49B1B14261}.2013 SP1 CU8|Any CPU.ActiveCfg = 2013 SP1 CU8|Any CPU
		{06EA279A-FF8F-47DE-A57D-CF49B1B14261}.2013 SP1 CU8|Any CPU.Build.0 = 2013 SP1 CU8|Any CPU
		{06EA279A-FF8F-47DE-A57D-CF49B1B14261}.2013 SP1 CU9|Any CPU.ActiveCfg = 2013 SP1 CU9|Any CPU
		{06EA279A-FF8F-47DE-A57D-CF49B1B14261}.2013 SP1 CU9|Any CPU.Build.0 = 2013 SP1 CU9|Any CPU
		{06EA279A-FF8F-47DE-A57D-CF49B1B14261}.2013 SP1 CU10|Any CPU.ActiveCfg = 2013 SP1 CU10|Any CPU
		{06EA279A-FF8F-47DE-A57D-CF49B1B14261}.2013 SP1 CU10|Any CPU.Build.0 = 2013 SP1 CU10|Any CPU
		{06EA279A-FF8F-47DE-A57D-CF49B1B14261}.2013 SP1 CU11|Any CPU.ActiveCfg = 2013 SP1 CU11|Any CPU
		{06EA279A-FF8F-47DE-A57D-CF49B1B14261}.2013 SP1 CU11|Any CPU.Build.0 = 2013 SP1 CU11|Any CPU
		{06EA279A-FF8F-47DE-A57D-CF49B1B14261}.2013 SP1 CU12|Any CPU.ActiveCfg = 2013 SP1 CU12|Any CPU
		{06EA279A-FF8F-47DE-A57D-CF49B1B14261}.2013 SP1 CU12|Any CPU.Build.0 = 2013 SP1 CU12|Any CPU
		{06EA279A-FF8F-47DE-A57D-CF49B1B14261}.2013 SP1 CU13|Any CPU.ActiveCfg = 2013 SP1 CU13|Any CPU
		{06EA279A-FF8F-47DE-A57D-CF49B1B14261}.2013 SP1 CU13|Any CPU.Build.0 = 2013 SP1 CU13|Any CPU
		{06EA279A-FF8F-47DE-A57D-CF49B1B14261}.2013 SP1 CU14|Any CPU.ActiveCfg = 2013 SP1 CU14|Any CPU
		{06EA279A-FF8F-47DE-A57D-CF49B1B14261}.2013 SP1 CU14|Any CPU.Build.0 = 2013 SP1 CU14|Any CPU
		{06EA279A-FF8F-47DE-A57D-CF49B1B14261}.2013 SP1 CU15|Any CPU.ActiveCfg = 2013 SP1 CU15|Any CPU
		{06EA279A-FF8F-47DE-A57D-CF49B1B14261}.2013 SP1 CU15|Any CPU.Build.0 = 2013 SP1 CU15|Any CPU
		{06EA279A-FF8F-47DE-A57D-CF49B1B14261}.2016 CU2|Any CPU.ActiveCfg = 2016 CU2|Any CPU
		{06EA279A-FF8F-47DE-A57D-CF49B1B14261}.2016 CU2|Any CPU.Build.0 = 2016 CU2|Any CPU
		{06EA279A-FF8F-47DE-A57D-CF49B1B14261}.2016 CU3|Any CPU.ActiveCfg = 2016 CU3|Any CPU
		{06EA279A-FF8F-47DE-A57D-CF49B1B14261}.2016 CU3|Any CPU.Build.0 = 2016 CU3|Any CPU
		{06EA279A-FF8F-47DE-A57D-CF49B1B14261}.2016 Preview|Any CPU.ActiveCfg = 2016 Preview|Any CPU
		{06EA279A-FF8F-47DE-A57D-CF49B1B14261}.2016 Preview|Any CPU.Build.0 = 2016 Preview|Any CPU
		{5A17E259-3DB1-4176-B15F-69E4B77E90D7}.2010|Any CPU.ActiveCfg = 2010|Any CPU
		{5A17E259-3DB1-4176-B15F-69E4B77E90D7}.2010|Any CPU.Build.0 = 2010|Any CPU
		{5A17E259-3DB1-4176-B15F-69E4B77E90D7}.2013|Any CPU.ActiveCfg = 2013|Any CPU
		{5A17E259-3DB1-4176-B15F-69E4B77E90D7}.2013|Any CPU.Build.0 = 2013|Any CPU
		{5A17E259-3DB1-4176-B15F-69E4B77E90D7}.2016 CU1|Any CPU.ActiveCfg = 2016 CU1|Any CPU
		{5A17E259-3DB1-4176-B15F-69E4B77E90D7}.2016 CU1|Any CPU.Build.0 = 2016 CU1|Any CPU
		{5A17E259-3DB1-4176-B15F-69E4B77E90D7}.2010 SP1|Any CPU.ActiveCfg = 2010 SP1|Any CPU
		{5A17E259-3DB1-4176-B15F-69E4B77E90D7}.2010 SP1|Any CPU.Build.0 = 2010 SP1|Any CPU
		{5A17E259-3DB1-4176-B15F-69E4B77E90D7}.2010 SP2|Any CPU.ActiveCfg = 2010 SP2|Any CPU
		{5A17E259-3DB1-4176-B15F-69E4B77E90D7}.2010 SP2|Any CPU.Build.0 = 2010 SP2|Any CPU
		{5A17E259-3DB1-4176-B15F-69E4B77E90D7}.2010 SP3|Any CPU.ActiveCfg = 2010 SP3|Any CPU
		{5A17E259-3DB1-4176-B15F-69E4B77E90D7}.2010 SP3|Any CPU.Build.0 = 2010 SP3|Any CPU
		{5A17E259-3DB1-4176-B15F-69E4B77E90D7}.2013 CU1|Any CPU.ActiveCfg = 2013 CU1|Any CPU
		{5A17E259-3DB1-4176-B15F-69E4B77E90D7}.2013 CU1|Any CPU.Build.0 = 2013 CU1|Any CPU
		{5A17E259-3DB1-4176-B15F-69E4B77E90D7}.2013 CU2|Any CPU.ActiveCfg = 2013 CU2|Any CPU
		{5A17E259-3DB1-4176-B15F-69E4B77E90D7}.2013 CU2|Any CPU.Build.0 = 2013 CU2|Any CPU
		{5A17E259-3DB1-4176-B15F-69E4B77E90D7}.2013 CU3|Any CPU.ActiveCfg = 2013 CU3|Any CPU
		{5A17E259-3DB1-4176-B15F-69E4B77E90D7}.2013 CU3|Any CPU.Build.0 = 2013 CU3|Any CPU
		{5A17E259-3DB1-4176-B15F-69E4B77E90D7}.2013 SP1 CU4|Any CPU.ActiveCfg = 2013 SP1 CU4|Any CPU
		{5A17E259-3DB1-4176-B15F-69E4B77E90D7}.2013 SP1 CU4|Any CPU.Build.0 = 2013 SP1 CU4|Any CPU
		{5A17E259-3DB1-4176-B15F-69E4B77E90D7}.2013 SP1 CU5|Any CPU.ActiveCfg = 2013 SP1 CU5|Any CPU
		{5A17E259-3DB1-4176-B15F-69E4B77E90D7}.2013 SP1 CU5|Any CPU.Build.0 = 2013 SP1 CU5|Any CPU
		{5A17E259-3DB1-4176-B15F-69E4B77E90D7}.2013 SP1 CU6|Any CPU.ActiveCfg = 2013 SP1 CU6|Any CPU
		{5A17E259-3DB1-4176-B15F-69E4B77E90D7}.2013 SP1 CU6|Any CPU.Build.0 = 2013 SP1 CU6|Any CPU
		{5A17E259-3DB1-4176-B15F-69E4B77E90D7}.2013 SP1 CU7|Any CPU.ActiveCfg = 2013 SP1 CU7|Any CPU
		{5A17E259-3DB1-4176-B15F-69E4B77E90D7}.2013 SP1 CU7|Any CPU.Build.0 = 2013 SP1 CU7|Any CPU
		{5A17E259-3DB1-4176-B15F-69E4B77E90D7}.2013 SP1 CU8|Any CPU.ActiveCfg = 2013 SP1 CU8|Any CPU
		{5A17E259-3DB1-4176-B15F-69E4B77E90D7}.2013 SP1 CU8|Any CPU.Build.0 = 2013 SP1 CU8|Any CPU
		{5A17E259-3DB1-4176-B15F-69E4B77E90D7}.2013 SP1 CU9|Any CPU.ActiveCfg = 2013 SP1 CU9|Any CPU
		{5A17E259-3DB1-4176-B15F-69E4B77E90D7}.2013 SP1 CU9|Any CPU.Build.0 = 2013 SP1 CU9|Any CPU
		{5A17E259-3DB1-4176-B15F-69E4B77E90D7}.2013 SP1 CU10|Any CPU.ActiveCfg = 2013 SP1 CU10|Any CPU
		{5A17E259-3DB1-4176-B15F-69E4B77E90D7}.2013 SP1 CU10|Any CPU.Build.0 = 2013 SP1 CU10|Any CPU
		{5A17E259-3DB1-4176-B15F-69E4B77E90D7}.2013 SP1 CU11|Any CPU.ActiveCfg = 2013 SP1 CU11|Any CPU
		{5A17E259-3DB1-4176-B15F-69E4B77E90D7}.2013 SP1 CU11|Any CPU.Build.0 = 2013 SP1 CU11|Any CPU
		{5A17E259-3DB1-4176-B15F-69E4B77E90D7}.2013 SP1 CU12|Any CPU.ActiveCfg = 2013 SP1 CU12|Any CPU
		{5A17E259-3DB1-4176-B15F-69E4B77E90D7}.2013 SP1 CU12|Any CPU.Build.0 = 2013 SP1 CU12|Any CPU
		{5A17E259-3DB1-4176-B15F-69E4B77E90D7}.2013 SP1 CU13|Any CPU.ActiveCfg = 2013 SP1 CU13|Any CPU
		{5A17E259-3DB1-4176-B15F-69E4B77E90D7}.2013 SP1 CU13|Any CPU.Build.0 = 2013 SP1 CU13|Any CPU
		{5A17E259-3DB1-4176-B15F-69E4B77E90D7}.2013 SP1 CU14|Any CPU.ActiveCfg = 2013 SP1 CU14|Any CPU
		{5A17E259-3DB1-4176-B15F-69E4B77E90D7}.2013 SP1 CU14|Any CPU.Build.0 = 2013 SP1 CU14|Any CPU
		{5A17E259-3DB1-4176-B15F-69E4B77E90D7}.2013 SP1 CU15|Any CPU.ActiveCfg = 2013 SP1 CU15|Any CPU
		{5A17E259-3DB1-4176-B15F-69E4B77E90D7}.2013 SP1 CU15|Any CPU.Build.0 = 2013 SP1 CU15|Any CPU
		{5A17E259-3DB1-4176-B15F-69E4B77E90D7}.2016 CU2|Any CPU.ActiveCfg = 2016 CU2|Any CPU
		{5A17E259-3DB1-4176-B15F-69E4B77E90D7}.2016 CU2|Any CPU.Build.0 = 2016 CU2|Any CPU
		{5A17E259-3DB1-4176-B15F-69E4B77E90D7}.2016 CU3|Any CPU.ActiveCfg = 2016 CU3|Any CPU
		{5A17E259-3DB1-4176-B15F-69E4B77E90D7}.2016 CU3|Any CPU.Build.0 = 2016 CU3|Any CPU
		{5A17E259-3DB1-4176-B15F-69E4B77E90D7}.2016 Preview|Any CPU.ActiveCfg = 2016 Preview|Any CPU
		{5A17E259-3DB1-4176-B15F-69E4B77E90D7}.2016 Preview|Any CPU.Build.0 = 2016 Preview|Any CPU
		{0B8B0A99-CD43-46CD-BF2C-A317441E1F24}.2010|Any CPU.ActiveCfg = 2010|Any CPU
		{0B8B0A99-CD43-46CD-BF2C-A317441E1F24}.2010|Any CPU.Build.0 = 2010|Any CPU
		{0B8B0A99-CD43-46CD-BF2C-A317441E1F24}.2013|Any CPU.ActiveCfg = 2013|Any CPU
		{0B8B0A99-CD43-46CD-BF2C-A317441E1F24}.2013|Any CPU.Build.0 = 2013|Any CPU
		{0B8B0A99-CD43-46CD-BF2C-A317441E1F24}.2016 CU1|Any CPU.ActiveCfg = 2016 CU1|Any CPU
		{0B8B0A99-CD43-46CD-BF2C-A317441E1F24}.2016 CU1|Any CPU.Build.0 = 2016 CU1|Any CPU
		{0B8B0A99-CD43-46CD-BF2C-A317441E1F24}.2010 SP1|Any CPU.ActiveCfg = 2010 SP1|Any CPU
		{0B8B0A99-CD43-46CD-BF2C-A317441E1F24}.2010 SP1|Any CPU.Build.0 = 2010 SP1|Any CPU
		{0B8B0A99-CD43-46CD-BF2C-A317441E1F24}.2010 SP2|Any CPU.ActiveCfg = 2010 SP2|Any CPU
		{0B8B0A99-CD43-46CD-BF2C-A317441E1F24}.2010 SP2|Any CPU.Build.0 = 2010 SP2|Any CPU
		{0B8B0A99-CD43-46CD-BF2C-A317441E1F24}.2010 SP3|Any CPU.ActiveCfg = 2010 SP3|Any CPU
		{0B8B0A99-CD43-46CD-BF2C-A317441E1F24}.2010 SP3|Any CPU.Build.0 = 2010 SP3|Any CPU
		{0B8B0A99-CD43-46CD-BF2C-A317441E1F24}.2013 CU1|Any CPU.ActiveCfg = 2013 CU1|Any CPU
		{0B8B0A99-CD43-46CD-BF2C-A317441E1F24}.2013 CU1|Any CPU.Build.0 = 2013 CU1|Any CPU
		{0B8B0A99-CD43-46CD-BF2C-A317441E1F24}.2013 CU2|Any CPU.ActiveCfg = 2013 CU2|Any CPU
		{0B8B0A99-CD43-46CD-BF2C-A317441E1F24}.2013 CU2|Any CPU.Build.0 = 2013 CU2|Any CPU
		{0B8B0A99-CD43-46CD-BF2C-A317441E1F24}.2013 CU3|Any CPU.ActiveCfg = 2013 CU3|Any CPU
		{0B8B0A99-CD43-46CD-BF2C-A317441E1F24}.2013 CU3|Any CPU.Build.0 = 2013 CU3|Any CPU
		{0B8B0A99-CD43-46CD-BF2C-A317441E1F24}.2013 SP1 CU4|Any CPU.ActiveCfg = 2013 SP1 CU4|Any CPU
		{0B8B0A99-CD43-46CD-BF2C-A317441E1F24}.2013 SP1 CU4|Any CPU.Build.0 = 2013 SP1 CU4|Any CPU
		{0B8B0A99-CD43-46CD-BF2C-A317441E1F24}.2013 SP1 CU5|Any CPU.ActiveCfg = 2013 SP1 CU5|Any CPU
		{0B8B0A99-CD43-46CD-BF2C-A317441E1F24}.2013 SP1 CU5|Any CPU.Build.0 = 2013 SP1 CU5|Any CPU
		{0B8B0A99-CD43-46CD-BF2C-A317441E1F24}.2013 SP1 CU6|Any CPU.ActiveCfg = 2013 SP1 CU6|Any CPU
		{0B8B0A99-CD43-46CD-BF2C-A317441E1F24}.2013 SP1 CU6|Any CPU.Build.0 = 2013 SP1 CU6|Any CPU
		{0B8B0A99-CD43-46CD-BF2C-A317441E1F24}.2013 SP1 CU7|Any CPU.ActiveCfg = 2013 SP1 CU7|Any CPU
		{0B8B0A99-CD43-46CD-BF2C-A317441E1F24}.2013 SP1 CU7|Any CPU.Build.0 = 2013 SP1 CU7|Any CPU
		{0B8B0A99-CD43-46CD-BF2C-A317441E1F24}.2013 SP1 CU8|Any CPU.ActiveCfg = 2013 SP1 CU8|Any CPU
		{0B8B0A99-CD43-46CD-BF2C-A317441E1F24}.2013 SP1 CU8|Any CPU.Build.0 = 2013 SP1 CU8|Any CPU
		{0B8B0A99-CD43-46CD-BF2C-A317441E1F24}.2013 SP1 CU9|Any CPU.ActiveCfg = 2013 SP1 CU9|Any CPU
		{0B8B0A99-CD43-46CD-BF2C-A317441E1F24}.2013 SP1 CU9|Any CPU.Build.0 = 2013 SP1 CU9|Any CPU
		{0B8B0A99-CD43-46CD-BF2C-A317441E1F24}.2013 SP1 CU10|Any CPU.ActiveCfg = 2013 SP1 CU10|Any CPU
		{0B8B0A99-CD43-46CD-BF2C-A317441E1F24}.2013 SP1 CU10|Any CPU.Build.0 = 2013 SP1 CU10|Any CPU
		{0B8B0A99-CD43-46CD-BF2C-A317441E1F24}.2013 SP1 CU11|Any CPU.ActiveCfg = 2013 SP1 CU11|Any CPU
		{0B8B0A99-CD43-46CD-BF2C-A317441E1F24}.2013 SP1 CU11|Any CPU.Build.0 = 2013 SP1 CU11|Any CPU
		{0B8B0A99-CD43-46CD-BF2C-A317441E1F24}.2013 SP1 CU12|Any CPU.ActiveCfg = 2013 SP1 CU12|Any CPU
		{0B8B0A99-CD43-46CD-BF2C-A317441E1F24}.2013 SP1 CU12|Any CPU.Build.0 = 2013 SP1 CU12|Any CPU
		{0B8B0A99-CD43-46CD-BF2C-A317441E1F24}.2013 SP1 CU13|Any CPU.ActiveCfg = 2013 SP1 CU13|Any CPU
		{0B8B0A99-CD43-46CD-BF2C-A317441E1F24}.2013 SP1 CU13|Any CPU.Build.0 = 2013 SP1 CU13|Any CPU
		{0B8B0A99-CD43-46CD-BF2C-A317441E1F24}.2013 SP1 CU14|Any CPU.ActiveCfg = 2013 SP1 CU14|Any CPU
		{0B8B0A99-CD43-46CD-BF2C-A317441E1F24}.2013 SP1 CU14|Any CPU.Build.0 = 2013 SP1 CU14|Any CPU
		{0B8B0A99-CD43-46CD-BF2C-A317441E1F24}.2013 SP1 CU15|Any CPU.ActiveCfg = 2013 SP1 CU15|Any CPU
		{0B8B0A99-CD43-46CD-BF2C-A317441E1F24}.2013 SP1 CU15|Any CPU.Build.0 = 2013 SP1 CU15|Any CPU
		{0B8B0A99-CD43-46CD-BF2C-A317441E1F24}.2016 CU2|Any CPU.ActiveCfg = 2016 CU2|Any CPU
		{0B8B0A99-CD43-46CD-BF2C-A317441E1F24}.2016 CU2|Any CPU.Build.0 = 2016 CU2|Any CPU
		{0B8B0A99-CD43-46CD-BF2C-A317441E1F24}.2016 CU3|Any CPU.ActiveCfg = 2016 CU3|Any CPU
		{0B8B0A99-CD43-46CD-BF2C-A317441E1F24}.2016 CU3|Any CPU.Build.0 = 2016 CU3|Any CPU
		{0B8B0A99-CD43-46CD-BF2C-A317441E1F24}.2016 Preview|Any CPU.ActiveCfg = 2016 Preview|Any CPU
		{0B8B0A99-CD43-46CD-BF2C-A317441E1F24}.2016 Preview|Any CPU.Build.0 = 2016 Preview|Any CPU
		{3EFCF61F-A6BB-4EB3-B73B-A72B0CF044F2}.2010|Any CPU.ActiveCfg = 2010|Any CPU
		{3EFCF61F-A6BB-4EB3-B73B-A72B0CF044F2}.2010|Any CPU.Build.0 = 2010|Any CPU
		{3EFCF61F-A6BB-4EB3-B73B-A72B0CF044F2}.2013|Any CPU.ActiveCfg = 2013|Any CPU
		{3EFCF61F-A6BB-4EB3-B73B-A72B0CF044F2}.2013|Any CPU.Build.0 = 2013|Any CPU
		{3EFCF61F-A6BB-4EB3-B73B-A72B0CF044F2}.2016 CU1|Any CPU.ActiveCfg = 2016 CU1|Any CPU
		{3EFCF61F-A6BB-4EB3-B73B-A72B0CF044F2}.2016 CU1|Any CPU.Build.0 = 2016 CU1|Any CPU
		{3EFCF61F-A6BB-4EB3-B73B-A72B0CF044F2}.2010 SP1|Any CPU.ActiveCfg = 2010 SP1|Any CPU
		{3EFCF61F-A6BB-4EB3-B73B-A72B0CF044F2}.2010 SP1|Any CPU.Build.0 = 2010 SP1|Any CPU
		{3EFCF61F-A6BB-4EB3-B73B-A72B0CF044F2}.2010 SP2|Any CPU.ActiveCfg = 2010 SP2|Any CPU
		{3EFCF61F-A6BB-4EB3-B73B-A72B0CF044F2}.2010 SP2|Any CPU.Build.0 = 2010 SP2|Any CPU
		{3EFCF61F-A6BB-4EB3-B73B-A72B0CF044F2}.2010 SP3|Any CPU.ActiveCfg = 2010 SP3|Any CPU
		{3EFCF61F-A6BB-4EB3-B73B-A72B0CF044F2}.2010 SP3|Any CPU.Build.0 = 2010 SP3|Any CPU
		{3EFCF61F-A6BB-4EB3-B73B-A72B0CF044F2}.2013 CU1|Any CPU.ActiveCfg = 2013 CU1|Any CPU
		{3EFCF61F-A6BB-4EB3-B73B-A72B0CF044F2}.2013 CU1|Any CPU.Build.0 = 2013 CU1|Any CPU
		{3EFCF61F-A6BB-4EB3-B73B-A72B0CF044F2}.2013 CU2|Any CPU.ActiveCfg = 2013 CU2|Any CPU
		{3EFCF61F-A6BB-4EB3-B73B-A72B0CF044F2}.2013 CU2|Any CPU.Build.0 = 2013 CU2|Any CPU
		{3EFCF61F-A6BB-4EB3-B73B-A72B0CF044F2}.2013 CU3|Any CPU.ActiveCfg = 2013 CU3|Any CPU
		{3EFCF61F-A6BB-4EB3-B73B-A72B0CF044F2}.2013 CU3|Any CPU.Build.0 = 2013 CU3|Any CPU
		{3EFCF61F-A6BB-4EB3-B73B-A72B0CF044F2}.2013 SP1 CU4|Any CPU.ActiveCfg = 2013 SP1 CU4|Any CPU
		{3EFCF61F-A6BB-4EB3-B73B-A72B0CF044F2}.2013 SP1 CU4|Any CPU.Build.0 = 2013 SP1 CU4|Any CPU
		{3EFCF61F-A6BB-4EB3-B73B-A72B0CF044F2}.2013 SP1 CU5|Any CPU.ActiveCfg = 2013 SP1 CU5|Any CPU
		{3EFCF61F-A6BB-4EB3-B73B-A72B0CF044F2}.2013 SP1 CU5|Any CPU.Build.0 = 2013 SP1 CU5|Any CPU
		{3EFCF61F-A6BB-4EB3-B73B-A72B0CF044F2}.2013 SP1 CU6|Any CPU.ActiveCfg = 2013 SP1 CU6|Any CPU
		{3EFCF61F-A6BB-4EB3-B73B-A72B0CF044F2}.2013 SP1 CU6|Any CPU.Build.0 = 2013 SP1 CU6|Any CPU
		{3EFCF61F-A6BB-4EB3-B73B-A72B0CF044F2}.2013 SP1 CU7|Any CPU.ActiveCfg = 2013 SP1 CU7|Any CPU
		{3EFCF61F-A6BB-4EB3-B73B-A72B0CF044F2}.2013 SP1 CU7|Any CPU.Build.0 = 2013 SP1 CU7|Any CPU
		{3EFCF61F-A6BB-4EB3-B73B-A72B0CF044F2}.2013 SP1 CU8|Any CPU.ActiveCfg = 2013 SP1 CU8|Any CPU
		{3EFCF61F-A6BB-4EB3-B73B-A72B0CF044F2}.2013 SP1 CU8|Any CPU.Build.0 = 2013 SP1 CU8|Any CPU
		{3EFCF61F-A6BB-4EB3-B73B-A72B0CF044F2}.2013 SP1 CU9|Any CPU.ActiveCfg = 2013 SP1 CU9|Any CPU
		{3EFCF61F-A6BB-4EB3-B73B-A72B0CF044F2}.2013 SP1 CU9|Any CPU.Build.0 = 2013 SP1 CU9|Any CPU
		{3EFCF61F-A6BB-4EB3-B73B-A72B0CF044F2}.2013 SP1 CU10|Any CPU.ActiveCfg = 2013 SP1 CU10|Any CPU
		{3EFCF61F-A6BB-4EB3-B73B-A72B0CF044F2}.2013 SP1 CU10|Any CPU.Build.0 = 2013 SP1 CU10|Any CPU
		{3EFCF61F-A6BB-4EB3-B73B-A72B0CF044F2}.2013 SP1 CU11|Any CPU.ActiveCfg = 2013 SP1 CU11|Any CPU
		{3EFCF61F-A6BB-4EB3-B73B-A72B0CF044F2}.2013 SP1 CU11|Any CPU.Build.0 = 2013 SP1 CU11|Any CPU
		{3EFCF61F-A6BB-4EB3-B73B-A72B0CF044F2}.2013 SP1 CU12|Any CPU.ActiveCfg = 2013 SP1 CU12|Any CPU
		{3EFCF61F-A6BB-4EB3-B73B-A72B0CF044F2}.2013 SP1 CU12|Any CPU.Build.0 = 2013 SP1 CU12|Any CPU
		{3EFCF61F-A6BB-4EB3-B73B-A72B0CF044F2}.2013 SP1 CU13|Any CPU.ActiveCfg = 2013 SP1 CU13|Any CPU
		{3EFCF61F-A6BB-4EB3-B73B-A72B0CF044F2}.2013 SP1 CU13|Any CPU.Build.0 = 2013 SP1 CU13|Any CPU
		{3EFCF61F-A6BB-4EB3-B73B-A72B0CF044F2}.2013 SP1 CU14|Any CPU.ActiveCfg = 2013 SP1 CU14|Any CPU
		{3EFCF61F-A6BB-4EB3-B73B-A72B0CF044F2}.2013 SP1 CU14|Any CPU.Build.0 = 2013 SP1 CU14|Any CPU
		{3EFCF61F-A6BB-4EB3-B73B-A72B0CF044F2}.2013 SP1 CU15|Any CPU.ActiveCfg = 2013 SP1 CU15|Any CPU
		{3EFCF61F-A6BB-4EB3-B73B-A72B0CF044F2}.2013 SP1 CU15|Any CPU.Build.0 = 2013 SP1 CU15|Any CPU
		{3EFCF61F-A6BB-4EB3-B73B-A72B0CF044F2}.2016 CU2|Any CPU.ActiveCfg = 2016 CU2|Any CPU
		{3EFCF61F-A6BB-4EB3-B73B-A72B0CF044F2}.2016 CU2|Any CPU.Build.0 = 2016 CU2|Any CPU
		{3EFCF61F-A6BB-4EB3-B73B-A72B0CF044F2}.2016 CU3|Any CPU.ActiveCfg = 2016 CU3|Any CPU
		{3EFCF61F-A6BB-4EB3-B73B-A72B0CF044F2}.2016 CU3|Any CPU.Build.0 = 2016 CU3|Any CPU
		{3EFCF61F-A6BB-4EB3-B73B-A72B0CF044F2}.2016 Preview|Any CPU.ActiveCfg = 2016 Preview|Any CPU
		{3EFCF61F-A6BB-4EB3-B73B-A72B0CF044F2}.2016 Preview|Any CPU.Build.0 = 2016 Preview|Any CPU
		{3395CD93-59E3-453A-8806-49F4DEF9E3B8}.2010|Any CPU.ActiveCfg = 2010|Any CPU
		{3395CD93-59E3-453A-8806-49F4DEF9E3B8}.2010|Any CPU.Build.0 = 2010|Any CPU
		{3395CD93-59E3-453A-8806-49F4DEF9E3B8}.2013|Any CPU.ActiveCfg = 2013|Any CPU
		{3395CD93-59E3-453A-8806-49F4DEF9E3B8}.2013|Any CPU.Build.0 = 2013|Any CPU
		{3395CD93-59E3-453A-8806-49F4DEF9E3B8}.2016 CU1|Any CPU.ActiveCfg = 2016 CU1|Any CPU
		{3395CD93-59E3-453A-8806-49F4DEF9E3B8}.2016 CU1|Any CPU.Build.0 = 2016 CU1|Any CPU
		{3395CD93-59E3-453A-8806-49F4DEF9E3B8}.2010 SP1|Any CPU.ActiveCfg = 2010 SP1|Any CPU
		{3395CD93-59E3-453A-8806-49F4DEF9E3B8}.2010 SP1|Any CPU.Build.0 = 2010 SP1|Any CPU
		{3395CD93-59E3-453A-8806-49F4DEF9E3B8}.2010 SP2|Any CPU.ActiveCfg = 2010 SP2|Any CPU
		{3395CD93-59E3-453A-8806-49F4DEF9E3B8}.2010 SP2|Any CPU.Build.0 = 2010 SP2|Any CPU
		{3395CD93-59E3-453A-8806-49F4DEF9E3B8}.2010 SP3|Any CPU.ActiveCfg = 2010 SP3|Any CPU
		{3395CD93-59E3-453A-8806-49F4DEF9E3B8}.2010 SP3|Any CPU.Build.0 = 2010 SP3|Any CPU
		{3395CD93-59E3-453A-8806-49F4DEF9E3B8}.2013 CU1|Any CPU.ActiveCfg = 2013 CU1|Any CPU
		{3395CD93-59E3-453A-8806-49F4DEF9E3B8}.2013 CU1|Any CPU.Build.0 = 2013 CU1|Any CPU
		{3395CD93-59E3-453A-8806-49F4DEF9E3B8}.2013 CU2|Any CPU.ActiveCfg = 2013 CU2|Any CPU
		{3395CD93-59E3-453A-8806-49F4DEF9E3B8}.2013 CU2|Any CPU.Build.0 = 2013 CU2|Any CPU
		{3395CD93-59E3-453A-8806-49F4DEF9E3B8}.2013 CU3|Any CPU.ActiveCfg = 2013 CU3|Any CPU
		{3395CD93-59E3-453A-8806-49F4DEF9E3B8}.2013 CU3|Any CPU.Build.0 = 2013 CU3|Any CPU
		{3395CD93-59E3-453A-8806-49F4DEF9E3B8}.2013 SP1 CU4|Any CPU.ActiveCfg = 2013 SP1 CU4|Any CPU
		{3395CD93-59E3-453A-8806-49F4DEF9E3B8}.2013 SP1 CU4|Any CPU.Build.0 = 2013 SP1 CU4|Any CPU
		{3395CD93-59E3-453A-8806-49F4DEF9E3B8}.2013 SP1 CU5|Any CPU.ActiveCfg = 2013 SP1 CU5|Any CPU
		{3395CD93-59E3-453A-8806-49F4DEF9E3B8}.2013 SP1 CU5|Any CPU.Build.0 = 2013 SP1 CU5|Any CPU
		{3395CD93-59E3-453A-8806-49F4DEF9E3B8}.2013 SP1 CU6|Any CPU.ActiveCfg = 2013 SP1 CU6|Any CPU
		{3395CD93-59E3-453A-8806-49F4DEF9E3B8}.2013 SP1 CU6|Any CPU.Build.0 = 2013 SP1 CU6|Any CPU
		{3395CD93-59E3-453A-8806-49F4DEF9E3B8}.2013 SP1 CU7|Any CPU.ActiveCfg = 2013 SP1 CU7|Any CPU
		{3395CD93-59E3-453A-8806-49F4DEF9E3B8}.2013 SP1 CU7|Any CPU.Build.0 = 2013 SP1 CU7|Any CPU
		{3395CD93-59E3-453A-8806-49F4DEF9E3B8}.2013 SP1 CU8|Any CPU.ActiveCfg = 2013 SP1 CU8|Any CPU
		{3395CD93-59E3-453A-8806-49F4DEF9E3B8}.2013 SP1 CU8|Any CPU.Build.0 = 2013 SP1 CU8|Any CPU
		{3395CD93-59E3-453A-8806-49F4DEF9E3B8}.2013 SP1 CU9|Any CPU.ActiveCfg = 2013 SP1 CU9|Any CPU
		{3395CD93-59E3-453A-8806-49F4DEF9E3B8}.2013 SP1 CU9|Any CPU.Build.0 = 2013 SP1 CU9|Any CPU
		{3395CD93-59E3-453A-8806-49F4DEF9E3B8}.2013 SP1 CU10|Any CPU.ActiveCfg = 2013 SP1 CU10|Any CPU
		{3395CD93-59E3-453A-8806-49F4DEF9E3B8}.2013 SP1 CU10|Any CPU.Build.0 = 2013 SP1 CU10|Any CPU
		{3395CD93-59E3-453A-8806-49F4DEF9E3B8}.2013 SP1 CU11|Any CPU.ActiveCfg = 2013 SP1 CU11|Any CPU
		{3395CD93-59E3-453A-8806-49F4DEF9E3B8}.2013 SP1 CU11|Any CPU.Build.0 = 2013 SP1 CU11|Any CPU
		{3395CD93-59E3-453A-8806-49F4DEF9E3B8}.2013 SP1 CU12|Any CPU.ActiveCfg = 2013 SP1 CU12|Any CPU
		{3395CD93-59E3-453A-8806-49F4DEF9E3B8}.2013 SP1 CU12|Any CPU.Build.0 = 2013 SP1 CU12|Any CPU
		{3395CD93-59E3-453A-8806-49F4DEF9E3B8}.2013 SP1 CU13|Any CPU.ActiveCfg = 2013 SP1 CU13|Any CPU
		{3395CD93-59E3-453A-8806-49F4DEF9E3B8}.2013 SP1 CU13|Any CPU.Build.0 = 2013 SP1 CU13|Any CPU
		{3395CD93-59E3-453A-8806-49F4DEF9E3B8}.2013 SP1 CU14|Any CPU.ActiveCfg = 2013 SP1 CU14|Any CPU
		{3395CD93-59E3-453A-8806-49F4DEF9E3B8}.2013 SP1 CU14|Any CPU.Build.0 = 2013 SP1 CU14|Any CPU
		{3395CD93-59E3-453A-8806-49F4DEF9E3B8}.2013 SP1 CU15|Any CPU.ActiveCfg = 2013 SP1 CU15|Any CPU
		{3395CD93-59E3-453A-8806-49F4DEF9E3B8}.2013 SP1 CU15|Any CPU.Build.0 = 2013 SP1 CU15|Any CPU
		{3395CD93-59E3-453A-8806-49F4DEF9E3B8}.2016 CU2|Any CPU.ActiveCfg = 2016 CU2|Any CPU
		{3395CD93-59E3-453A-8806-49F4DEF9E3B8}.2016 CU2|Any CPU.Build.0 = 2016 CU2|Any CPU
		{3395CD93-59E3-453A-8806-49F4DEF9E3B8}.2016 CU3|Any CPU.ActiveCfg = 2016 CU3|Any CPU
		{3395CD93-59E3-453A-8806-49F4DEF9E3B8}.2016 CU3|Any CPU.Build.0 = 2016 CU3|Any CPU
		{3395CD93-59E3-453A-8806-49F4DEF9E3B8}.2016 Preview|Any CPU.ActiveCfg = 2016 Preview|Any CPU
		{3395CD93-59E3-453A-8806-49F4DEF9E3B8}.2016 Preview|Any CPU.Build.0 = 2016 Preview|Any CPU
		{085E66F6-6806-456E-A33C-5ED32D636EE6}.2010|Any CPU.ActiveCfg = 2010|Any CPU
		{085E66F6-6806-456E-A33C-5ED32D636EE6}.2010|Any CPU.Build.0 = 2010|Any CPU
		{085E66F6-6806-456E-A33C-5ED32D636EE6}.2013|Any CPU.ActiveCfg = 2013|Any CPU
		{085E66F6-6806-456E-A33C-5ED32D636EE6}.2013|Any CPU.Build.0 = 2013|Any CPU
		{085E66F6-6806-456E-A33C-5ED32D636EE6}.2016 CU1|Any CPU.ActiveCfg = 2016 CU1|Any CPU
		{085E66F6-6806-456E-A33C-5ED32D636EE6}.2016 CU1|Any CPU.Build.0 = 2016 CU1|Any CPU
		{085E66F6-6806-456E-A33C-5ED32D636EE6}.2010 SP1|Any CPU.ActiveCfg = 2010 SP1|Any CPU
		{085E66F6-6806-456E-A33C-5ED32D636EE6}.2010 SP1|Any CPU.Build.0 = 2010 SP1|Any CPU
		{085E66F6-6806-456E-A33C-5ED32D636EE6}.2010 SP2|Any CPU.ActiveCfg = 2010 SP2|Any CPU
		{085E66F6-6806-456E-A33C-5ED32D636EE6}.2010 SP2|Any CPU.Build.0 = 2010 SP2|Any CPU
		{085E66F6-6806-456E-A33C-5ED32D636EE6}.2010 SP3|Any CPU.ActiveCfg = 2010 SP3|Any CPU
		{085E66F6-6806-456E-A33C-5ED32D636EE6}.2010 SP3|Any CPU.Build.0 = 2010 SP3|Any CPU
		{085E66F6-6806-456E-A33C-5ED32D636EE6}.2013 CU1|Any CPU.ActiveCfg = 2013 CU1|Any CPU
		{085E66F6-6806-456E-A33C-5ED32D636EE6}.2013 CU1|Any CPU.Build.0 = 2013 CU1|Any CPU
		{085E66F6-6806-456E-A33C-5ED32D636EE6}.2013 CU2|Any CPU.ActiveCfg = 2013 CU2|Any CPU
		{085E66F6-6806-456E-A33C-5ED32D636EE6}.2013 CU2|Any CPU.Build.0 = 2013 CU2|Any CPU
		{085E66F6-6806-456E-A33C-5ED32D636EE6}.2013 CU3|Any CPU.ActiveCfg = 2013 CU3|Any CPU
		{085E66F6-6806-456E-A33C-5ED32D636EE6}.2013 CU3|Any CPU.Build.0 = 2013 CU3|Any CPU
		{085E66F6-6806-456E-A33C-5ED32D636EE6}.2013 SP1 CU4|Any CPU.ActiveCfg = 2013 SP1 CU4|Any CPU
		{085E66F6-6806-456E-A33C-5ED32D636EE6}.2013 SP1 CU4|Any CPU.Build.0 = 2013 SP1 CU4|Any CPU
		{085E66F6-6806-456E-A33C-5ED32D636EE6}.2013 SP1 CU5|Any CPU.ActiveCfg = 2013 SP1 CU5|Any CPU
		{085E66F6-6806-456E-A33C-5ED32D636EE6}.2013 SP1 CU5|Any CPU.Build.0 = 2013 SP1 CU5|Any CPU
		{085E66F6-6806-456E-A33C-5ED32D636EE6}.2013 SP1 CU6|Any CPU.ActiveCfg = 2013 SP1 CU6|Any CPU
		{085E66F6-6806-456E-A33C-5ED32D636EE6}.2013 SP1 CU6|Any CPU.Build.0 = 2013 SP1 CU6|Any CPU
		{085E66F6-6806-456E-A33C-5ED32D636EE6}.2013 SP1 CU7|Any CPU.ActiveCfg = 2013 SP1 CU7|Any CPU
		{085E66F6-6806-456E-A33C-5ED32D636EE6}.2013 SP1 CU7|Any CPU.Build.0 = 2013 SP1 CU7|Any CPU
		{085E66F6-6806-456E-A33C-5ED32D636EE6}.2013 SP1 CU8|Any CPU.ActiveCfg = 2013 SP1 CU8|Any CPU
		{085E66F6-6806-456E-A33C-5ED32D636EE6}.2013 SP1 CU8|Any CPU.Build.0 = 2013 SP1 CU8|Any CPU
		{085E66F6-6806-456E-A33C-5ED32D636EE6}.2013 SP1 CU9|Any CPU.ActiveCfg = 2013 SP1 CU9|Any CPU
		{085E66F6-6806-456E-A33C-5ED32D636EE6}.2013 SP1 CU9|Any CPU.Build.0 = 2013 SP1 CU9|Any CPU
		{085E66F6-6806-456E-A33C-5ED32D636EE6}.2013 SP1 CU10|Any CPU.ActiveCfg = 2013 SP1 CU10|Any CPU
		{085E66F6-6806-456E-A33C-5ED32D636EE6}.2013 SP1 CU10|Any CPU.Build.0 = 2013 SP1 CU10|Any CPU
		{085E66F6-6806-456E-A33C-5ED32D636EE6}.2013 SP1 CU11|Any CPU.ActiveCfg = 2013 SP1 CU11|Any CPU
		{085E66F6-6806-456E-A33C-5ED32D636EE6}.2013 SP1 CU11|Any CPU.Build.0 = 2013 SP1 CU11|Any CPU
		{085E66F6-6806-456E-A33C-5ED32D636EE6}.2013 SP1 CU12|Any CPU.ActiveCfg = 2013 SP1 CU12|Any CPU
		{085E66F6-6806-456E-A33C-5ED32D636EE6}.2013 SP1 CU12|Any CPU.Build.0 = 2013 SP1 CU12|Any CPU
		{085E66F6-6806-456E-A33C-5ED32D636EE6}.2013 SP1 CU13|Any CPU.ActiveCfg = 2013 SP1 CU13|Any CPU
		{085E66F6-6806-456E-A33C-5ED32D636EE6}.2013 SP1 CU13|Any CPU.Build.0 = 2013 SP1 CU13|Any CPU
		{085E66F6-6806-456E-A33C-5ED32D636EE6}.2013 SP1 CU14|Any CPU.ActiveCfg = 2013 SP1 CU14|Any CPU
		{085E66F6-6806-456E-A33C-5ED32D636EE6}.2013 SP1 CU14|Any CPU.Build.0 = 2013 SP1 CU14|Any CPU
		{085E66F6-6806-456E-A33C-5ED32D636EE6}.2013 SP1 CU15|Any CPU.ActiveCfg = 2013 SP1 CU15|Any CPU
		{085E66F6-6806-456E-A33C-5ED32D636EE6}.2013 SP1 CU15|Any CPU.Build.0 = 2013 SP1 CU15|Any CPU
		{085E66F6-6806-456E-A33C-5ED32D636EE6}.2016 CU2|Any CPU.ActiveCfg = 2016 CU2|Any CPU
		{085E66F6-6806-456E-A33C-5ED32D636EE6}.2016 CU2|Any CPU.Build.0 = 2016 CU2|Any CPU
		{085E66F6-6806-456E-A33C-5ED32D636EE6}.2016 CU3|Any CPU.ActiveCfg = 2016 CU3|Any CPU
		{085E66F6-6806-456E-A33C-5ED32D636EE6}.2016 CU3|Any CPU.Build.0 = 2016 CU3|Any CPU
		{085E66F6-6806-456E-A33C-5ED32D636EE6}.2016 Preview|Any CPU.ActiveCfg = 2016 Preview|Any CPU
		{085E66F6-6806-456E-A33C-5ED32D636EE6}.2016 Preview|Any CPU.Build.0 = 2016 Preview|Any CPU
		{3EC2FC1A-D509-41D8-9949-B7F511C4E46C}.2010|Any CPU.ActiveCfg = 2010|Any CPU
		{3EC2FC1A-D509-41D8-9949-B7F511C4E46C}.2010|Any CPU.Build.0 = 2010|Any CPU
		{3EC2FC1A-D509-41D8-9949-B7F511C4E46C}.2013|Any CPU.ActiveCfg = 2013|Any CPU
		{3EC2FC1A-D509-41D8-9949-B7F511C4E46C}.2013|Any CPU.Build.0 = 2013|Any CPU
		{3EC2FC1A-D509-41D8-9949-B7F511C4E46C}.2016 CU1|Any CPU.ActiveCfg = 2016 CU1|Any CPU
		{3EC2FC1A-D509-41D8-9949-B7F511C4E46C}.2016 CU1|Any CPU.Build.0 = 2016 CU1|Any CPU
		{3EC2FC1A-D509-41D8-9949-B7F511C4E46C}.2010 SP1|Any CPU.ActiveCfg = 2010 SP1|Any CPU
		{3EC2FC1A-D509-41D8-9949-B7F511C4E46C}.2010 SP1|Any CPU.Build.0 = 2010 SP1|Any CPU
		{3EC2FC1A-D509-41D8-9949-B7F511C4E46C}.2010 SP2|Any CPU.ActiveCfg = 2010 SP2|Any CPU
		{3EC2FC1A-D509-41D8-9949-B7F511C4E46C}.2010 SP2|Any CPU.Build.0 = 2010 SP2|Any CPU
		{3EC2FC1A-D509-41D8-9949-B7F511C4E46C}.2010 SP3|Any CPU.ActiveCfg = 2010 SP3|Any CPU
		{3EC2FC1A-D509-41D8-9949-B7F511C4E46C}.2010 SP3|Any CPU.Build.0 = 2010 SP3|Any CPU
		{3EC2FC1A-D509-41D8-9949-B7F511C4E46C}.2013 CU1|Any CPU.ActiveCfg = 2013 CU1|Any CPU
		{3EC2FC1A-D509-41D8-9949-B7F511C4E46C}.2013 CU1|Any CPU.Build.0 = 2013 CU1|Any CPU
		{3EC2FC1A-D509-41D8-9949-B7F511C4E46C}.2013 CU2|Any CPU.ActiveCfg = 2013 CU2|Any CPU
		{3EC2FC1A-D509-41D8-9949-B7F511C4E46C}.2013 CU2|Any CPU.Build.0 = 2013 CU2|Any CPU
		{3EC2FC1A-D509-41D8-9949-B7F511C4E46C}.2013 CU3|Any CPU.ActiveCfg = 2013 CU3|Any CPU
		{3EC2FC1A-D509-41D8-9949-B7F511C4E46C}.2013 CU3|Any CPU.Build.0 = 2013 CU3|Any CPU
		{3EC2FC1A-D509-41D8-9949-B7F511C4E46C}.2013 SP1 CU4|Any CPU.ActiveCfg = 2013 SP1 CU4|Any CPU
		{3EC2FC1A-D509-41D8-9949-B7F511C4E46C}.2013 SP1 CU4|Any CPU.Build.0 = 2013 SP1 CU4|Any CPU
		{3EC2FC1A-D509-41D8-9949-B7F511C4E46C}.2013 SP1 CU5|Any CPU.ActiveCfg = 2013 SP1 CU5|Any CPU
		{3EC2FC1A-D509-41D8-9949-B7F511C4E46C}.2013 SP1 CU5|Any CPU.Build.0 = 2013 SP1 CU5|Any CPU
		{3EC2FC1A-D509-41D8-9949-B7F511C4E46C}.2013 SP1 CU6|Any CPU.ActiveCfg = 2013 SP1 CU6|Any CPU
		{3EC2FC1A-D509-41D8-9949-B7F511C4E46C}.2013 SP1 CU6|Any CPU.Build.0 = 2013 SP1 CU6|Any CPU
		{3EC2FC1A-D509-41D8-9949-B7F511C4E46C}.2013 SP1 CU7|Any CPU.ActiveCfg = 2013 SP1 CU7|Any CPU
		{3EC2FC1A-D509-41D8-9949-B7F511C4E46C}.2013 SP1 CU7|Any CPU.Build.0 = 2013 SP1 CU7|Any CPU
		{3EC2FC1A-D509-41D8-9949-B7F511C4E46C}.2013 SP1 CU8|Any CPU.ActiveCfg = 2013 SP1 CU8|Any CPU
		{3EC2FC1A-D509-41D8-9949-B7F511C4E46C}.2013 SP1 CU8|Any CPU.Build.0 = 2013 SP1 CU8|Any CPU
		{3EC2FC1A-D509-41D8-9949-B7F511C4E46C}.2013 SP1 CU9|Any CPU.ActiveCfg = 2013 SP1 CU9|Any CPU
		{3EC2FC1A-D509-41D8-9949-B7F511C4E46C}.2013 SP1 CU9|Any CPU.Build.0 = 2013 SP1 CU9|Any CPU
		{3EC2FC1A-D509-41D8-9949-B7F511C4E46C}.2013 SP1 CU10|Any CPU.ActiveCfg = 2013 SP1 CU10|Any CPU
		{3EC2FC1A-D509-41D8-9949-B7F511C4E46C}.2013 SP1 CU10|Any CPU.Build.0 = 2013 SP1 CU10|Any CPU
		{3EC2FC1A-D509-41D8-9949-B7F511C4E46C}.2013 SP1 CU11|Any CPU.ActiveCfg = 2013 SP1 CU11|Any CPU
		{3EC2FC1A-D509-41D8-9949-B7F511C4E46C}.2013 SP1 CU11|Any CPU.Build.0 = 2013 SP1 CU11|Any CPU
		{3EC2FC1A-D509-41D8-9949-B7F511C4E46C}.2013 SP1 CU12|Any CPU.ActiveCfg = 2013 SP1 CU12|Any CPU
		{3EC2FC1A-D509-41D8-9949-B7F511C4E46C}.2013 SP1 CU12|Any CPU.Build.0 = 2013 SP1 CU12|Any CPU
		{3EC2FC1A-D509-41D8-9949-B7F511C4E46C}.2013 SP1 CU13|Any CPU.ActiveCfg = 2013 SP1 CU13|Any CPU
		{3EC2FC1A-D509-41D8-9949-B7F511C4E46C}.2013 SP1 CU13|Any CPU.Build.0 = 2013 SP1 CU13|Any CPU
		{3EC2FC1A-D509-41D8-9949-B7F511C4E46C}.2013 SP1 CU14|Any CPU.ActiveCfg = 2013 SP1 CU14|Any CPU
		{3EC2FC1A-D509-41D8-9949-B7F511C4E46C}.2013 SP1 CU14|Any CPU.Build.0 = 2013 SP1 CU14|Any CPU
		{3EC2FC1A-D509-41D8-9949-B7F511C4E46C}.2013 SP1 CU15|Any CPU.ActiveCfg = 2013 SP1 CU15|Any CPU
		{3EC2FC1A-D509-41D8-9949-B7F511C4E46C}.2013 SP1 CU15|Any CPU.Build.0 = 2013 SP1 CU15|Any CPU
		{3EC2FC1A-D509-41D8-9949-B7F511C4E46C}.2016 CU2|Any CPU.ActiveCfg = 2016 CU2|Any CPU
		{3EC2FC1A-D509-41D8-9949-B7F511C4E46C}.2016 CU2|Any CPU.Build.0 = 2016 CU2|Any CPU
		{3EC2FC1A-D509-41D8-9949-B7F511C4E46C}.2016 CU3|Any CPU.ActiveCfg = 2016 CU3|Any CPU
		{3EC2FC1A-D509-41D8-9949-B7F511C4E46C}.2016 CU3|Any CPU.Build.0 = 2016 CU3|Any CPU
		{3EC2FC1A-D509-41D8-9949-B7F511C4E46C}.2016 Preview|Any CPU.ActiveCfg = 2016 Preview|Any CPU
		{3EC2FC1A-D509-41D8-9949-B7F511C4E46C}.2016 Preview|Any CPU.Build.0 = 2016 Preview|Any CPU
		{3985924B-6C1D-4C9E-99FE-3835F53CA6E7}.2010|Any CPU.ActiveCfg = 2010|Any CPU
		{3985924B-6C1D-4C9E-99FE-3835F53CA6E7}.2010|Any CPU.Build.0 = 2010|Any CPU
		{3985924B-6C1D-4C9E-99FE-3835F53CA6E7}.2013|Any CPU.ActiveCfg = 2013|Any CPU
		{3985924B-6C1D-4C9E-99FE-3835F53CA6E7}.2013|Any CPU.Build.0 = 2013|Any CPU
		{3985924B-6C1D-4C9E-99FE-3835F53CA6E7}.2016 CU1|Any CPU.ActiveCfg = 2016 CU1|Any CPU
		{3985924B-6C1D-4C9E-99FE-3835F53CA6E7}.2016 CU1|Any CPU.Build.0 = 2016 CU1|Any CPU
		{3985924B-6C1D-4C9E-99FE-3835F53CA6E7}.2010 SP1|Any CPU.ActiveCfg = 2010 SP1|Any CPU
		{3985924B-6C1D-4C9E-99FE-3835F53CA6E7}.2010 SP1|Any CPU.Build.0 = 2010 SP1|Any CPU
		{3985924B-6C1D-4C9E-99FE-3835F53CA6E7}.2010 SP2|Any CPU.ActiveCfg = 2010 SP2|Any CPU
		{3985924B-6C1D-4C9E-99FE-3835F53CA6E7}.2010 SP2|Any CPU.Build.0 = 2010 SP2|Any CPU
		{3985924B-6C1D-4C9E-99FE-3835F53CA6E7}.2010 SP3|Any CPU.ActiveCfg = 2010 SP3|Any CPU
		{3985924B-6C1D-4C9E-99FE-3835F53CA6E7}.2010 SP3|Any CPU.Build.0 = 2010 SP3|Any CPU
		{3985924B-6C1D-4C9E-99FE-3835F53CA6E7}.2013 CU1|Any CPU.ActiveCfg = 2013 CU1|Any CPU
		{3985924B-6C1D-4C9E-99FE-3835F53CA6E7}.2013 CU1|Any CPU.Build.0 = 2013 CU1|Any CPU
		{3985924B-6C1D-4C9E-99FE-3835F53CA6E7}.2013 CU2|Any CPU.ActiveCfg = 2013 CU2|Any CPU
		{3985924B-6C1D-4C9E-99FE-3835F53CA6E7}.2013 CU2|Any CPU.Build.0 = 2013 CU2|Any CPU
		{3985924B-6C1D-4C9E-99FE-3835F53CA6E7}.2013 CU3|Any CPU.ActiveCfg = 2013 CU3|Any CPU
		{3985924B-6C1D-4C9E-99FE-3835F53CA6E7}.2013 CU3|Any CPU.Build.0 = 2013 CU3|Any CPU
		{3985924B-6C1D-4C9E-99FE-3835F53CA6E7}.2013 SP1 CU4|Any CPU.ActiveCfg = 2013 SP1 CU4|Any CPU
		{3985924B-6C1D-4C9E-99FE-3835F53CA6E7}.2013 SP1 CU4|Any CPU.Build.0 = 2013 SP1 CU4|Any CPU
		{3985924B-6C1D-4C9E-99FE-3835F53CA6E7}.2013 SP1 CU5|Any CPU.ActiveCfg = 2013 SP1 CU5|Any CPU
		{3985924B-6C1D-4C9E-99FE-3835F53CA6E7}.2013 SP1 CU5|Any CPU.Build.0 = 2013 SP1 CU5|Any CPU
		{3985924B-6C1D-4C9E-99FE-3835F53CA6E7}.2013 SP1 CU6|Any CPU.ActiveCfg = 2013 SP1 CU6|Any CPU
		{3985924B-6C1D-4C9E-99FE-3835F53CA6E7}.2013 SP1 CU6|Any CPU.Build.0 = 2013 SP1 CU6|Any CPU
		{3985924B-6C1D-4C9E-99FE-3835F53CA6E7}.2013 SP1 CU7|Any CPU.ActiveCfg = 2013 SP1 CU7|Any CPU
		{3985924B-6C1D-4C9E-99FE-3835F53CA6E7}.2013 SP1 CU7|Any CPU.Build.0 = 2013 SP1 CU7|Any CPU
		{3985924B-6C1D-4C9E-99FE-3835F53CA6E7}.2013 SP1 CU8|Any CPU.ActiveCfg = 2013 SP1 CU8|Any CPU
		{3985924B-6C1D-4C9E-99FE-3835F53CA6E7}.2013 SP1 CU8|Any CPU.Build.0 = 2013 SP1 CU8|Any CPU
		{3985924B-6C1D-4C9E-99FE-3835F53CA6E7}.2013 SP1 CU9|Any CPU.ActiveCfg = 2013 SP1 CU9|Any CPU
		{3985924B-6C1D-4C9E-99FE-3835F53CA6E7}.2013 SP1 CU9|Any CPU.Build.0 = 2013 SP1 CU9|Any CPU
		{3985924B-6C1D-4C9E-99FE-3835F53CA6E7}.2013 SP1 CU10|Any CPU.ActiveCfg = 2013 SP1 CU10|Any CPU
		{3985924B-6C1D-4C9E-99FE-3835F53CA6E7}.2013 SP1 CU10|Any CPU.Build.0 = 2013 SP1 CU10|Any CPU
		{3985924B-6C1D-4C9E-99FE-3835F53CA6E7}.2013 SP1 CU11|Any CPU.ActiveCfg = 2013 SP1 CU11|Any CPU
		{3985924B-6C1D-4C9E-99FE-3835F53CA6E7}.2013 SP1 CU11|Any CPU.Build.0 = 2013 SP1 CU11|Any CPU
		{3985924B-6C1D-4C9E-99FE-3835F53CA6E7}.2013 SP1 CU12|Any CPU.ActiveCfg = 2013 SP1 CU12|Any CPU
		{3985924B-6C1D-4C9E-99FE-3835F53CA6E7}.2013 SP1 CU12|Any CPU.Build.0 = 2013 SP1 CU12|Any CPU
		{3985924B-6C1D-4C9E-99FE-3835F53CA6E7}.2013 SP1 CU13|Any CPU.ActiveCfg = 2013 SP1 CU13|Any CPU
		{3985924B-6C1D-4C9E-99FE-3835F53CA6E7}.2013 SP1 CU13|Any CPU.Build.0 = 2013 SP1 CU13|Any CPU
		{3985924B-6C1D-4C9E-99FE-3835F53CA6E7}.2013 SP1 CU14|Any CPU.ActiveCfg = 2013 SP1 CU14|Any CPU
		{3985924B-6C1D-4C9E-99FE-3835F53CA6E7}.2013 SP1 CU14|Any CPU.Build.0 = 2013 SP1 CU14|Any CPU
		{3985924B-6C1D-4C9E-99FE-3835F53CA6E7}.2013 SP1 CU15|Any CPU.ActiveCfg = 2013 SP1 CU15|Any CPU
		{3985924B-6C1D-4C9E-99FE-3835F53CA6E7}.2013 SP1 CU15|Any CPU.Build.0 = 2013 SP1 CU15|Any CPU
		{3985924B-6C1D-4C9E-99FE-3835F53CA6E7}.2016 CU2|Any CPU.ActiveCfg = 2016 CU2|Any CPU
		{3985924B-6C1D-4C9E-99FE-3835F53CA6E7}.2016 CU2|Any CPU.Build.0 = 2016 CU2|Any CPU
		{3985924B-6C1D-4C9E-99FE-3835F53CA6E7}.2016 CU3|Any CPU.ActiveCfg = 2016 CU3|Any CPU
		{3985924B-6C1D-4C9E-99FE-3835F53CA6E7}.2016 CU3|Any CPU.Build.0 = 2016 CU3|Any CPU
		{3985924B-6C1D-4C9E-99FE-3835F53CA6E7}.2016 Preview|Any CPU.ActiveCfg = 2016 Preview|Any CPU
		{3985924B-6C1D-4C9E-99FE-3835F53CA6E7}.2016 Preview|Any CPU.Build.0 = 2016 Preview|Any CPU
		{96949535-995A-4536-ADBA-F2D60D54B8D6}.2010|Any CPU.ActiveCfg = 2010|Any CPU
		{96949535-995A-4536-ADBA-F2D60D54B8D6}.2010|Any CPU.Build.0 = 2010|Any CPU
		{96949535-995A-4536-ADBA-F2D60D54B8D6}.2013|Any CPU.ActiveCfg = 2013|Any CPU
		{96949535-995A-4536-ADBA-F2D60D54B8D6}.2013|Any CPU.Build.0 = 2013|Any CPU
		{96949535-995A-4536-ADBA-F2D60D54B8D6}.2016 CU1|Any CPU.ActiveCfg = 2016 CU1|Any CPU
		{96949535-995A-4536-ADBA-F2D60D54B8D6}.2016 CU1|Any CPU.Build.0 = 2016 CU1|Any CPU
		{96949535-995A-4536-ADBA-F2D60D54B8D6}.2010 SP1|Any CPU.ActiveCfg = 2010 SP1|Any CPU
		{96949535-995A-4536-ADBA-F2D60D54B8D6}.2010 SP1|Any CPU.Build.0 = 2010 SP1|Any CPU
		{96949535-995A-4536-ADBA-F2D60D54B8D6}.2010 SP2|Any CPU.ActiveCfg = 2010 SP2|Any CPU
		{96949535-995A-4536-ADBA-F2D60D54B8D6}.2010 SP2|Any CPU.Build.0 = 2010 SP2|Any CPU
		{96949535-995A-4536-ADBA-F2D60D54B8D6}.2010 SP3|Any CPU.ActiveCfg = 2010 SP3|Any CPU
		{96949535-995A-4536-ADBA-F2D60D54B8D6}.2010 SP3|Any CPU.Build.0 = 2010 SP3|Any CPU
		{96949535-995A-4536-ADBA-F2D60D54B8D6}.2013 CU1|Any CPU.ActiveCfg = 2013 CU1|Any CPU
		{96949535-995A-4536-ADBA-F2D60D54B8D6}.2013 CU1|Any CPU.Build.0 = 2013 CU1|Any CPU
		{96949535-995A-4536-ADBA-F2D60D54B8D6}.2013 CU2|Any CPU.ActiveCfg = 2013 CU2|Any CPU
		{96949535-995A-4536-ADBA-F2D60D54B8D6}.2013 CU2|Any CPU.Build.0 = 2013 CU2|Any CPU
		{96949535-995A-4536-ADBA-F2D60D54B8D6}.2013 CU3|Any CPU.ActiveCfg = 2013 CU3|Any CPU
		{96949535-995A-4536-ADBA-F2D60D54B8D6}.2013 CU3|Any CPU.Build.0 = 2013 CU3|Any CPU
		{96949535-995A-4536-ADBA-F2D60D54B8D6}.2013 SP1 CU4|Any CPU.ActiveCfg = 2013 SP1 CU4|Any CPU
		{96949535-995A-4536-ADBA-F2D60D54B8D6}.2013 SP1 CU4|Any CPU.Build.0 = 2013 SP1 CU4|Any CPU
		{96949535-995A-4536-ADBA-F2D60D54B8D6}.2013 SP1 CU5|Any CPU.ActiveCfg = 2013 SP1 CU5|Any CPU
		{96949535-995A-4536-ADBA-F2D60D54B8D6}.2013 SP1 CU5|Any CPU.Build.0 = 2013 SP1 CU5|Any CPU
		{96949535-995A-4536-ADBA-F2D60D54B8D6}.2013 SP1 CU6|Any CPU.ActiveCfg = 2013 SP1 CU6|Any CPU
		{96949535-995A-4536-ADBA-F2D60D54B8D6}.2013 SP1 CU6|Any CPU.Build.0 = 2013 SP1 CU6|Any CPU
		{96949535-995A-4536-ADBA-F2D60D54B8D6}.2013 SP1 CU7|Any CPU.ActiveCfg = 2013 SP1 CU7|Any CPU
		{96949535-995A-4536-ADBA-F2D60D54B8D6}.2013 SP1 CU7|Any CPU.Build.0 = 2013 SP1 CU7|Any CPU
		{96949535-995A-4536-ADBA-F2D60D54B8D6}.2013 SP1 CU8|Any CPU.ActiveCfg = 2013 SP1 CU8|Any CPU
		{96949535-995A-4536-ADBA-F2D60D54B8D6}.2013 SP1 CU8|Any CPU.Build.0 = 2013 SP1 CU8|Any CPU
		{96949535-995A-4536-ADBA-F2D60D54B8D6}.2013 SP1 CU9|Any CPU.ActiveCfg = 2013 SP1 CU9|Any CPU
		{96949535-995A-4536-ADBA-F2D60D54B8D6}.2013 SP1 CU9|Any CPU.Build.0 = 2013 SP1 CU9|Any CPU
		{96949535-995A-4536-ADBA-F2D60D54B8D6}.2013 SP1 CU10|Any CPU.ActiveCfg = 2013 SP1 CU10|Any CPU
		{96949535-995A-4536-ADBA-F2D60D54B8D6}.2013 SP1 CU10|Any CPU.Build.0 = 2013 SP1 CU10|Any CPU
		{96949535-995A-4536-ADBA-F2D60D54B8D6}.2013 SP1 CU11|Any CPU.ActiveCfg = 2013 SP1 CU11|Any CPU
		{96949535-995A-4536-ADBA-F2D60D54B8D6}.2013 SP1 CU11|Any CPU.Build.0 = 2013 SP1 CU11|Any CPU
		{96949535-995A-4536-ADBA-F2D60D54B8D6}.2013 SP1 CU12|Any CPU.ActiveCfg = 2013 SP1 CU12|Any CPU
		{96949535-995A-4536-ADBA-F2D60D54B8D6}.2013 SP1 CU12|Any CPU.Build.0 = 2013 SP1 CU12|Any CPU
		{96949535-995A-4536-ADBA-F2D60D54B8D6}.2013 SP1 CU13|Any CPU.ActiveCfg = 2013 SP1 CU13|Any CPU
		{96949535-995A-4536-ADBA-F2D60D54B8D6}.2013 SP1 CU13|Any CPU.Build.0 = 2013 SP1 CU13|Any CPU
		{96949535-995A-4536-ADBA-F2D60D54B8D6}.2013 SP1 CU14|Any CPU.ActiveCfg = 2013 SP1 CU14|Any CPU
		{96949535-995A-4536-ADBA-F2D60D54B8D6}.2013 SP1 CU14|Any CPU.Build.0 = 2013 SP1 CU14|Any CPU
		{96949535-995A-4536-ADBA-F2D60D54B8D6}.2013 SP1 CU15|Any CPU.ActiveCfg = 2013 SP1 CU15|Any CPU
		{96949535-995A-4536-ADBA-F2D60D54B8D6}.2013 SP1 CU15|Any CPU.Build.0 = 2013 SP1 CU15|Any CPU
		{96949535-995A-4536-ADBA-F2D60D54B8D6}.2016 CU2|Any CPU.ActiveCfg = 2016 CU2|Any CPU
		{96949535-995A-4536-ADBA-F2D60D54B8D6}.2016 CU2|Any CPU.Build.0 = 2016 CU2|Any CPU
		{96949535-995A-4536-ADBA-F2D60D54B8D6}.2016 CU3|Any CPU.ActiveCfg = 2016 CU3|Any CPU
		{96949535-995A-4536-ADBA-F2D60D54B8D6}.2016 CU3|Any CPU.Build.0 = 2016 CU3|Any CPU
		{96949535-995A-4536-ADBA-F2D60D54B8D6}.2016 Preview|Any CPU.ActiveCfg = 2016 Preview|Any CPU
		{96949535-995A-4536-ADBA-F2D60D54B8D6}.2016 Preview|Any CPU.Build.0 = 2016 Preview|Any CPU
		{A5486C2F-19D1-4C91-B0AD-7E3BFAE2D259}.2010|Any CPU.ActiveCfg = 2010|Any CPU
		{A5486C2F-19D1-4C91-B0AD-7E3BFAE2D259}.2010|Any CPU.Build.0 = 2010|Any CPU
		{A5486C2F-19D1-4C91-B0AD-7E3BFAE2D259}.2013|Any CPU.ActiveCfg = 2013|Any CPU
		{A5486C2F-19D1-4C91-B0AD-7E3BFAE2D259}.2013|Any CPU.Build.0 = 2013|Any CPU
		{A5486C2F-19D1-4C91-B0AD-7E3BFAE2D259}.2016 CU1|Any CPU.ActiveCfg = 2016 CU1|Any CPU
		{A5486C2F-19D1-4C91-B0AD-7E3BFAE2D259}.2016 CU1|Any CPU.Build.0 = 2016 CU1|Any CPU
		{A5486C2F-19D1-4C91-B0AD-7E3BFAE2D259}.2010 SP1|Any CPU.ActiveCfg = 2010 SP1|Any CPU
		{A5486C2F-19D1-4C91-B0AD-7E3BFAE2D259}.2010 SP1|Any CPU.Build.0 = 2010 SP1|Any CPU
		{A5486C2F-19D1-4C91-B0AD-7E3BFAE2D259}.2010 SP2|Any CPU.ActiveCfg = 2010 SP2|Any CPU
		{A5486C2F-19D1-4C91-B0AD-7E3BFAE2D259}.2010 SP2|Any CPU.Build.0 = 2010 SP2|Any CPU
		{A5486C2F-19D1-4C91-B0AD-7E3BFAE2D259}.2010 SP3|Any CPU.ActiveCfg = 2010 SP3|Any CPU
		{A5486C2F-19D1-4C91-B0AD-7E3BFAE2D259}.2010 SP3|Any CPU.Build.0 = 2010 SP3|Any CPU
		{A5486C2F-19D1-4C91-B0AD-7E3BFAE2D259}.2013 CU1|Any CPU.ActiveCfg = 2013 CU1|Any CPU
		{A5486C2F-19D1-4C91-B0AD-7E3BFAE2D259}.2013 CU1|Any CPU.Build.0 = 2013 CU1|Any CPU
		{A5486C2F-19D1-4C91-B0AD-7E3BFAE2D259}.2013 CU2|Any CPU.ActiveCfg = 2013 CU2|Any CPU
		{A5486C2F-19D1-4C91-B0AD-7E3BFAE2D259}.2013 CU2|Any CPU.Build.0 = 2013 CU2|Any CPU
		{A5486C2F-19D1-4C91-B0AD-7E3BFAE2D259}.2013 CU3|Any CPU.ActiveCfg = 2013 CU3|Any CPU
		{A5486C2F-19D1-4C91-B0AD-7E3BFAE2D259}.2013 CU3|Any CPU.Build.0 = 2013 CU3|Any CPU
		{A5486C2F-19D1-4C91-B0AD-7E3BFAE2D259}.2013 SP1 CU4|Any CPU.ActiveCfg = 2013 SP1 CU4|Any CPU
		{A5486C2F-19D1-4C91-B0AD-7E3BFAE2D259}.2013 SP1 CU4|Any CPU.Build.0 = 2013 SP1 CU4|Any CPU
		{A5486C2F-19D1-4C91-B0AD-7E3BFAE2D259}.2013 SP1 CU5|Any CPU.ActiveCfg = 2013 SP1 CU5|Any CPU
		{A5486C2F-19D1-4C91-B0AD-7E3BFAE2D259}.2013 SP1 CU5|Any CPU.Build.0 = 2013 SP1 CU5|Any CPU
		{A5486C2F-19D1-4C91-B0AD-7E3BFAE2D259}.2013 SP1 CU6|Any CPU.ActiveCfg = 2013 SP1 CU6|Any CPU
		{A5486C2F-19D1-4C91-B0AD-7E3BFAE2D259}.2013 SP1 CU6|Any CPU.Build.0 = 2013 SP1 CU6|Any CPU
		{A5486C2F-19D1-4C91-B0AD-7E3BFAE2D259}.2013 SP1 CU7|Any CPU.ActiveCfg = 2013 SP1 CU7|Any CPU
		{A5486C2F-19D1-4C91-B0AD-7E3BFAE2D259}.2013 SP1 CU7|Any CPU.Build.0 = 2013 SP1 CU7|Any CPU
		{A5486C2F-19D1-4C91-B0AD-7E3BFAE2D259}.2013 SP1 CU8|Any CPU.ActiveCfg = 2013 SP1 CU8|Any CPU
		{A5486C2F-19D1-4C91-B0AD-7E3BFAE2D259}.2013 SP1 CU8|Any CPU.Build.0 = 2013 SP1 CU8|Any CPU
		{A5486C2F-19D1-4C91-B0AD-7E3BFAE2D259}.2013 SP1 CU9|Any CPU.ActiveCfg = 2013 SP1 CU9|Any CPU
		{A5486C2F-19D1-4C91-B0AD-7E3BFAE2D259}.2013 SP1 CU9|Any CPU.Build.0 = 2013 SP1 CU9|Any CPU
		{A5486C2F-19D1-4C91-B0AD-7E3BFAE2D259}.2013 SP1 CU10|Any CPU.ActiveCfg = 2013 SP1 CU10|Any CPU
		{A5486C2F-19D1-4C91-B0AD-7E3BFAE2D259}.2013 SP1 CU10|Any CPU.Build.0 = 2013 SP1 CU10|Any CPU
		{A5486C2F-19D1-4C91-B0AD-7E3BFAE2D259}.2013 SP1 CU11|Any CPU.ActiveCfg = 2013 SP1 CU11|Any CPU
		{A5486C2F-19D1-4C91-B0AD-7E3BFAE2D259}.2013 SP1 CU11|Any CPU.Build.0 = 2013 SP1 CU11|Any CPU
		{A5486C2F-19D1-4C91-B0AD-7E3BFAE2D259}.2013 SP1 CU12|Any CPU.ActiveCfg = 2013 SP1 CU12|Any CPU
		{A5486C2F-19D1-4C91-B0AD-7E3BFAE2D259}.2013 SP1 CU12|Any CPU.Build.0 = 2013 SP1 CU12|Any CPU
		{A5486C2F-19D1-4C91-B0AD-7E3BFAE2D259}.2013 SP1 CU13|Any CPU.ActiveCfg = 2013 SP1 CU13|Any CPU
		{A5486C2F-19D1-4C91-B0AD-7E3BFAE2D259}.2013 SP1 CU13|Any CPU.Build.0 = 2013 SP1 CU13|Any CPU
		{A5486C2F-19D1-4C91-B0AD-7E3BFAE2D259}.2013 SP1 CU14|Any CPU.ActiveCfg = 2013 SP1 CU14|Any CPU
		{A5486C2F-19D1-4C91-B0AD-7E3BFAE2D259}.2013 SP1 CU14|Any CPU.Build.0 = 2013 SP1 CU14|Any CPU
		{A5486C2F-19D1-4C91-B0AD-7E3BFAE2D259}.2013 SP1 CU15|Any CPU.ActiveCfg = 2013 SP1 CU15|Any CPU
		{A5486C2F-19D1-4C91-B0AD-7E3BFAE2D259}.2013 SP1 CU15|Any CPU.Build.0 = 2013 SP1 CU15|Any CPU
		{A5486C2F-19D1-4C91-B0AD-7E3BFAE2D259}.2016 CU2|Any CPU.ActiveCfg = 2016 CU2|Any CPU
		{A5486C2F-19D1-4C91-B0AD-7E3BFAE2D259}.2016 CU2|Any CPU.Build.0 = 2016 CU2|Any CPU
		{A5486C2F-19D1-4C91-B0AD-7E3BFAE2D259}.2016 CU3|Any CPU.ActiveCfg = 2016 CU3|Any CPU
		{A5486C2F-19D1-4C91-B0AD-7E3BFAE2D259}.2016 CU3|Any CPU.Build.0 = 2016 CU3|Any CPU
		{A5486C2F-19D1-4C91-B0AD-7E3BFAE2D259}.2016 Preview|Any CPU.ActiveCfg = 2016 Preview|Any CPU
		{A5486C2F-19D1-4C91-B0AD-7E3BFAE2D259}.2016 Preview|Any CPU.Build.0 = 2016 Preview|Any CPU
		{8B4ACE24-D2F2-4DF8-BE01-28AF9A714910}.2010|Any CPU.ActiveCfg = 2010|Any CPU
		{8B4ACE24-D2F2-4DF8-BE01-28AF9A714910}.2010|Any CPU.Build.0 = 2010|Any CPU
		{8B4ACE24-D2F2-4DF8-BE01-28AF9A714910}.2013|Any CPU.ActiveCfg = 2013|Any CPU
		{8B4ACE24-D2F2-4DF8-BE01-28AF9A714910}.2013|Any CPU.Build.0 = 2013|Any CPU
		{8B4ACE24-D2F2-4DF8-BE01-28AF9A714910}.2016 CU1|Any CPU.ActiveCfg = 2016 CU1|Any CPU
		{8B4ACE24-D2F2-4DF8-BE01-28AF9A714910}.2016 CU1|Any CPU.Build.0 = 2016 CU1|Any CPU
		{8B4ACE24-D2F2-4DF8-BE01-28AF9A714910}.2010 SP1|Any CPU.ActiveCfg = 2010 SP1|Any CPU
		{8B4ACE24-D2F2-4DF8-BE01-28AF9A714910}.2010 SP1|Any CPU.Build.0 = 2010 SP1|Any CPU
		{8B4ACE24-D2F2-4DF8-BE01-28AF9A714910}.2010 SP2|Any CPU.ActiveCfg = 2010 SP2|Any CPU
		{8B4ACE24-D2F2-4DF8-BE01-28AF9A714910}.2010 SP2|Any CPU.Build.0 = 2010 SP2|Any CPU
		{8B4ACE24-D2F2-4DF8-BE01-28AF9A714910}.2010 SP3|Any CPU.ActiveCfg = 2010 SP3|Any CPU
		{8B4ACE24-D2F2-4DF8-BE01-28AF9A714910}.2010 SP3|Any CPU.Build.0 = 2010 SP3|Any CPU
		{8B4ACE24-D2F2-4DF8-BE01-28AF9A714910}.2013 CU1|Any CPU.ActiveCfg = 2013 CU1|Any CPU
		{8B4ACE24-D2F2-4DF8-BE01-28AF9A714910}.2013 CU1|Any CPU.Build.0 = 2013 CU1|Any CPU
		{8B4ACE24-D2F2-4DF8-BE01-28AF9A714910}.2013 CU2|Any CPU.ActiveCfg = 2013 CU2|Any CPU
		{8B4ACE24-D2F2-4DF8-BE01-28AF9A714910}.2013 CU2|Any CPU.Build.0 = 2013 CU2|Any CPU
		{8B4ACE24-D2F2-4DF8-BE01-28AF9A714910}.2013 CU3|Any CPU.ActiveCfg = 2013 CU3|Any CPU
		{8B4ACE24-D2F2-4DF8-BE01-28AF9A714910}.2013 CU3|Any CPU.Build.0 = 2013 CU3|Any CPU
		{8B4ACE24-D2F2-4DF8-BE01-28AF9A714910}.2013 SP1 CU4|Any CPU.ActiveCfg = 2013 SP1 CU4|Any CPU
		{8B4ACE24-D2F2-4DF8-BE01-28AF9A714910}.2013 SP1 CU4|Any CPU.Build.0 = 2013 SP1 CU4|Any CPU
		{8B4ACE24-D2F2-4DF8-BE01-28AF9A714910}.2013 SP1 CU5|Any CPU.ActiveCfg = 2013 SP1 CU5|Any CPU
		{8B4ACE24-D2F2-4DF8-BE01-28AF9A714910}.2013 SP1 CU5|Any CPU.Build.0 = 2013 SP1 CU5|Any CPU
		{8B4ACE24-D2F2-4DF8-BE01-28AF9A714910}.2013 SP1 CU6|Any CPU.ActiveCfg = 2013 SP1 CU6|Any CPU
		{8B4ACE24-D2F2-4DF8-BE01-28AF9A714910}.2013 SP1 CU6|Any CPU.Build.0 = 2013 SP1 CU6|Any CPU
		{8B4ACE24-D2F2-4DF8-BE01-28AF9A714910}.2013 SP1 CU7|Any CPU.ActiveCfg = 2013 SP1 CU7|Any CPU
		{8B4ACE24-D2F2-4DF8-BE01-28AF9A714910}.2013 SP1 CU7|Any CPU.Build.0 = 2013 SP1 CU7|Any CPU
		{8B4ACE24-D2F2-4DF8-BE01-28AF9A714910}.2013 SP1 CU8|Any CPU.ActiveCfg = 2013 SP1 CU8|Any CPU
		{8B4ACE24-D2F2-4DF8-BE01-28AF9A714910}.2013 SP1 CU8|Any CPU.Build.0 = 2013 SP1 CU8|Any CPU
		{8B4ACE24-D2F2-4DF8-BE01-28AF9A714910}.2013 SP1 CU9|Any CPU.ActiveCfg = 2013 SP1 CU9|Any CPU
		{8B4ACE24-D2F2-4DF8-BE01-28AF9A714910}.2013 SP1 CU9|Any CPU.Build.0 = 2013 SP1 CU9|Any CPU
		{8B4ACE24-D2F2-4DF8-BE01-28AF9A714910}.2013 SP1 CU10|Any CPU.ActiveCfg = 2013 SP1 CU10|Any CPU
		{8B4ACE24-D2F2-4DF8-BE01-28AF9A714910}.2013 SP1 CU10|Any CPU.Build.0 = 2013 SP1 CU10|Any CPU
		{8B4ACE24-D2F2-4DF8-BE01-28AF9A714910}.2013 SP1 CU11|Any CPU.ActiveCfg = 2013 SP1 CU11|Any CPU
		{8B4ACE24-D2F2-4DF8-BE01-28AF9A714910}.2013 SP1 CU11|Any CPU.Build.0 = 2013 SP1 CU11|Any CPU
		{8B4ACE24-D2F2-4DF8-BE01-28AF9A714910}.2013 SP1 CU12|Any CPU.ActiveCfg = 2013 SP1 CU12|Any CPU
		{8B4ACE24-D2F2-4DF8-BE01-28AF9A714910}.2013 SP1 CU12|Any CPU.Build.0 = 2013 SP1 CU12|Any CPU
		{8B4ACE24-D2F2-4DF8-BE01-28AF9A714910}.2013 SP1 CU13|Any CPU.ActiveCfg = 2013 SP1 CU13|Any CPU
		{8B4ACE24-D2F2-4DF8-BE01-28AF9A714910}.2013 SP1 CU13|Any CPU.Build.0 = 2013 SP1 CU13|Any CPU
		{8B4ACE24-D2F2-4DF8-BE01-28AF9A714910}.2013 SP1 CU14|Any CPU.ActiveCfg = 2013 SP1 CU14|Any CPU
		{8B4ACE24-D2F2-4DF8-BE01-28AF9A714910}.2013 SP1 CU14|Any CPU.Build.0 = 2013 SP1 CU14|Any CPU
		{8B4ACE24-D2F2-4DF8-BE01-28AF9A714910}.2013 SP1 CU15|Any CPU.ActiveCfg = 2013 SP1 CU15|Any CPU
		{8B4ACE24-D2F2-4DF8-BE01-28AF9A714910}.2013 SP1 CU15|Any CPU.Build.0 = 2013 SP1 CU15|Any CPU
		{8B4ACE24-D2F2-4DF8-BE01-28AF9A714910}.2016 CU2|Any CPU.ActiveCfg = 2016 CU2|Any CPU
		{8B4ACE24-D2F2-4DF8-BE01-28AF9A714910}.2016 CU2|Any CPU.Build.0 = 2016 CU2|Any CPU
		{8B4ACE24-D2F2-4DF8-BE01-28AF9A714910}.2016 CU3|Any CPU.ActiveCfg = 2016 CU3|Any CPU
		{8B4ACE24-D2F2-4DF8-BE01-28AF9A714910}.2016 CU3|Any CPU.Build.0 = 2016 CU3|Any CPU
		{8B4ACE24-D2F2-4DF8-BE01-28AF9A714910}.2016 Preview|Any CPU.ActiveCfg = 2016 Preview|Any CPU
		{8B4ACE24-D2F2-4DF8-BE01-28AF9A714910}.2016 Preview|Any CPU.Build.0 = 2016 Preview|Any CPU
		{F1AE7C7A-3DC7-4DFE-8E92-57D30C001098}.2010|Any CPU.ActiveCfg = 2010|Any CPU
		{F1AE7C7A-3DC7-4DFE-8E92-57D30C001098}.2010|Any CPU.Build.0 = 2010|Any CPU
		{F1AE7C7A-3DC7-4DFE-8E92-57D30C001098}.2013|Any CPU.ActiveCfg = 2013|Any CPU
		{F1AE7C7A-3DC7-4DFE-8E92-57D30C001098}.2013|Any CPU.Build.0 = 2013|Any CPU
		{F1AE7C7A-3DC7-4DFE-8E92-57D30C001098}.2016 CU1|Any CPU.ActiveCfg = 2016 CU1|Any CPU
		{F1AE7C7A-3DC7-4DFE-8E92-57D30C001098}.2016 CU1|Any CPU.Build.0 = 2016 CU1|Any CPU
		{F1AE7C7A-3DC7-4DFE-8E92-57D30C001098}.2010 SP1|Any CPU.ActiveCfg = 2010 SP1|Any CPU
		{F1AE7C7A-3DC7-4DFE-8E92-57D30C001098}.2010 SP1|Any CPU.Build.0 = 2010 SP1|Any CPU
		{F1AE7C7A-3DC7-4DFE-8E92-57D30C001098}.2010 SP2|Any CPU.ActiveCfg = 2010 SP2|Any CPU
		{F1AE7C7A-3DC7-4DFE-8E92-57D30C001098}.2010 SP2|Any CPU.Build.0 = 2010 SP2|Any CPU
		{F1AE7C7A-3DC7-4DFE-8E92-57D30C001098}.2010 SP3|Any CPU.ActiveCfg = 2010 SP3|Any CPU
		{F1AE7C7A-3DC7-4DFE-8E92-57D30C001098}.2010 SP3|Any CPU.Build.0 = 2010 SP3|Any CPU
		{F1AE7C7A-3DC7-4DFE-8E92-57D30C001098}.2013 CU1|Any CPU.ActiveCfg = 2013 CU1|Any CPU
		{F1AE7C7A-3DC7-4DFE-8E92-57D30C001098}.2013 CU1|Any CPU.Build.0 = 2013 CU1|Any CPU
		{F1AE7C7A-3DC7-4DFE-8E92-57D30C001098}.2013 CU2|Any CPU.ActiveCfg = 2013 CU2|Any CPU
		{F1AE7C7A-3DC7-4DFE-8E92-57D30C001098}.2013 CU2|Any CPU.Build.0 = 2013 CU2|Any CPU
		{F1AE7C7A-3DC7-4DFE-8E92-57D30C001098}.2013 CU3|Any CPU.ActiveCfg = 2013 CU3|Any CPU
		{F1AE7C7A-3DC7-4DFE-8E92-57D30C001098}.2013 CU3|Any CPU.Build.0 = 2013 CU3|Any CPU
		{F1AE7C7A-3DC7-4DFE-8E92-57D30C001098}.2013 SP1 CU4|Any CPU.ActiveCfg = 2013 SP1 CU4|Any CPU
		{F1AE7C7A-3DC7-4DFE-8E92-57D30C001098}.2013 SP1 CU4|Any CPU.Build.0 = 2013 SP1 CU4|Any CPU
		{F1AE7C7A-3DC7-4DFE-8E92-57D30C001098}.2013 SP1 CU5|Any CPU.ActiveCfg = 2013 SP1 CU5|Any CPU
		{F1AE7C7A-3DC7-4DFE-8E92-57D30C001098}.2013 SP1 CU5|Any CPU.Build.0 = 2013 SP1 CU5|Any CPU
		{F1AE7C7A-3DC7-4DFE-8E92-57D30C001098}.2013 SP1 CU6|Any CPU.ActiveCfg = 2013 SP1 CU6|Any CPU
		{F1AE7C7A-3DC7-4DFE-8E92-57D30C001098}.2013 SP1 CU6|Any CPU.Build.0 = 2013 SP1 CU6|Any CPU
		{F1AE7C7A-3DC7-4DFE-8E92-57D30C001098}.2013 SP1 CU7|Any CPU.ActiveCfg = 2013 SP1 CU7|Any CPU
		{F1AE7C7A-3DC7-4DFE-8E92-57D30C001098}.2013 SP1 CU7|Any CPU.Build.0 = 2013 SP1 CU7|Any CPU
		{F1AE7C7A-3DC7-4DFE-8E92-57D30C001098}.2013 SP1 CU8|Any CPU.ActiveCfg = 2013 SP1 CU8|Any CPU
		{F1AE7C7A-3DC7-4DFE-8E92-57D30C001098}.2013 SP1 CU8|Any CPU.Build.0 = 2013 SP1 CU8|Any CPU
		{F1AE7C7A-3DC7-4DFE-8E92-57D30C001098}.2013 SP1 CU9|Any CPU.ActiveCfg = 2013 SP1 CU9|Any CPU
		{F1AE7C7A-3DC7-4DFE-8E92-57D30C001098}.2013 SP1 CU9|Any CPU.Build.0 = 2013 SP1 CU9|Any CPU
		{F1AE7C7A-3DC7-4DFE-8E92-57D30C001098}.2013 SP1 CU10|Any CPU.ActiveCfg = 2013 SP1 CU10|Any CPU
		{F1AE7C7A-3DC7-4DFE-8E92-57D30C001098}.2013 SP1 CU10|Any CPU.Build.0 = 2013 SP1 CU10|Any CPU
		{F1AE7C7A-3DC7-4DFE-8E92-57D30C001098}.2013 SP1 CU11|Any CPU.ActiveCfg = 2013 SP1 CU11|Any CPU
		{F1AE7C7A-3DC7-4DFE-8E92-57D30C001098}.2013 SP1 CU11|Any CPU.Build.0 = 2013 SP1 CU11|Any CPU
		{F1AE7C7A-3DC7-4DFE-8E92-57D30C001098}.2013 SP1 CU12|Any CPU.ActiveCfg = 2013 SP1 CU12|Any CPU
		{F1AE7C7A-3DC7-4DFE-8E92-57D30C001098}.2013 SP1 CU12|Any CPU.Build.0 = 2013 SP1 CU12|Any CPU
		{F1AE7C7A-3DC7-4DFE-8E92-57D30C001098}.2013 SP1 CU13|Any CPU.ActiveCfg = 2013 SP1 CU13|Any CPU
		{F1AE7C7A-3DC7-4DFE-8E92-57D30C001098}.2013 SP1 CU13|Any CPU.Build.0 = 2013 SP1 CU13|Any CPU
		{F1AE7C7A-3DC7-4DFE-8E92-57D30C001098}.2013 SP1 CU14|Any CPU.ActiveCfg = 2013 SP1 CU14|Any CPU
		{F1AE7C7A-3DC7-4DFE-8E92-57D30C001098}.2013 SP1 CU14|Any CPU.Build.0 = 2013 SP1 CU14|Any CPU
		{F1AE7C7A-3DC7-4DFE-8E92-57D30C001098}.2013 SP1 CU15|Any CPU.ActiveCfg = 2013 SP1 CU15|Any CPU
		{F1AE7C7A-3DC7-4DFE-8E92-57D30C001098}.2013 SP1 CU15|Any CPU.Build.0 = 2013 SP1 CU15|Any CPU
		{F1AE7C7A-3DC7-4DFE-8E92-57D30C001098}.2016 CU2|Any CPU.ActiveCfg = 2016 CU2|Any CPU
		{F1AE7C7A-3DC7-4DFE-8E92-57D30C001098}.2016 CU2|Any CPU.Build.0 = 2016 CU2|Any CPU
		{F1AE7C7A-3DC7-4DFE-8E92-57D30C001098}.2016 CU3|Any CPU.ActiveCfg = 2016 CU3|Any CPU
		{F1AE7C7A-3DC7-4DFE-8E92-57D30C001098}.2016 CU3|Any CPU.Build.0 = 2016 CU3|Any CPU
		{F1AE7C7A-3DC7-4DFE-8E92-57D30C001098}.2016 Preview|Any CPU.ActiveCfg = 2016 Preview|Any CPU
		{F1AE7C7A-3DC7-4DFE-8E92-57D30C001098}.2016 Preview|Any CPU.Build.0 = 2016 Preview|Any CPU
	EndGlobalSection
	GlobalSection(SolutionProperties) = preSolution
		HideSolutionNode = FALSE
	EndGlobalSection
	GlobalSection(ExtensibilityGlobals) = postSolution
		SolutionGuid = {C2FD43A3-35E2-4729-BE7B-801ABB8BE8CA}
	EndGlobalSection
EndGlobal
